<?xml version="1.0" encoding="utf-8"?>
<Project ToolsVersion="17.0" xmlns="http://schemas.microsoft.com/developer/msbuild/2003">
  <ItemGroup>
    <CustomBuild Include="D:\Opencv\4.10.0\build\CMakeFiles\45858dae2503002b3b4e57383591c550\RUN_TESTS_force.rule">
      <Filter>CMake Rules</Filter>
    </CustomBuild>
  </ItemGroup>
  <ItemGroup>
    <Filter Include="CMake Rules">
      <UniqueIdentifier>{C0FEDA0E-3199-3EAF-AA35-87746A18D248}</UniqueIdentifier>
    </Filter>
  </ItemGroup>
</Project>
