<?xml version="1.0" encoding="utf-8"?>
<Project ToolsVersion="17.0" xmlns="http://schemas.microsoft.com/developer/msbuild/2003">
  <ItemGroup>
    <ClCompile Include="D:\Opencv\4.10.0\opencv_contrib-4.10.0\modules\cudaoptflow\perf\perf_main.cpp">
      <Filter>opencv_cudaoptflow\Src</Filter>
    </ClCompile>
    <ClCompile Include="D:\Opencv\4.10.0\opencv_contrib-4.10.0\modules\cudaoptflow\perf\perf_optflow.cpp">
      <Filter>opencv_cudaoptflow\Src</Filter>
    </ClCompile>
  </ItemGroup>
  <ItemGroup>
    <ClInclude Include="D:\Opencv\4.10.0\opencv_contrib-4.10.0\modules\cudaoptflow\perf\perf_precomp.hpp">
      <Filter>opencv_cudaoptflow\Include</Filter>
    </ClInclude>
  </ItemGroup>
  <ItemGroup>
    <Filter Include="opencv_cudaoptflow">
      <UniqueIdentifier>{21D0362F-E43C-3DC6-87D1-71DCD3E94509}</UniqueIdentifier>
    </Filter>
    <Filter Include="opencv_cudaoptflow\Include">
      <UniqueIdentifier>{B10F86D5-F320-32C9-93A0-C98B7B9599A2}</UniqueIdentifier>
    </Filter>
    <Filter Include="opencv_cudaoptflow\Src">
      <UniqueIdentifier>{F652302D-0C7E-3EC9-9D47-C12B4638A33E}</UniqueIdentifier>
    </Filter>
  </ItemGroup>
</Project>
