<?xml version="1.0" encoding="utf-8"?>
<Project ToolsVersion="17.0" xmlns="http://schemas.microsoft.com/developer/msbuild/2003">
  <ItemGroup>
    <ClCompile Include="D:\Opencv\4.10.0\opencv-4.10.0\modules\features2d\perf\opencl\perf_brute_force_matcher.cpp">
      <Filter>opencv_features2d\Src\opencl</Filter>
    </ClCompile>
    <ClCompile Include="D:\Opencv\4.10.0\opencv-4.10.0\modules\features2d\perf\opencl\perf_feature2d.cpp">
      <Filter>opencv_features2d\Src\opencl</Filter>
    </ClCompile>
    <ClCompile Include="D:\Opencv\4.10.0\opencv-4.10.0\modules\features2d\perf\perf_batchDistance.cpp">
      <Filter>opencv_features2d\Src</Filter>
    </ClCompile>
    <ClCompile Include="D:\Opencv\4.10.0\opencv-4.10.0\modules\features2d\perf\perf_feature2d.cpp">
      <Filter>opencv_features2d\Src</Filter>
    </ClCompile>
    <ClCompile Include="D:\Opencv\4.10.0\opencv-4.10.0\modules\features2d\perf\perf_main.cpp">
      <Filter>opencv_features2d\Src</Filter>
    </ClCompile>
  </ItemGroup>
  <ItemGroup>
    <ClInclude Include="D:\Opencv\4.10.0\opencv-4.10.0\modules\features2d\perf\perf_feature2d.hpp">
      <Filter>opencv_features2d\Include</Filter>
    </ClInclude>
    <ClInclude Include="D:\Opencv\4.10.0\opencv-4.10.0\modules\features2d\perf\perf_precomp.hpp">
      <Filter>opencv_features2d\Include</Filter>
    </ClInclude>
  </ItemGroup>
  <ItemGroup>
    <CustomBuild Include="D:\Opencv\4.10.0\opencv-4.10.0\modules\world\CMakeLists.txt" />
  </ItemGroup>
  <ItemGroup>
    <Filter Include="opencv_features2d">
      <UniqueIdentifier>{116E1B2A-B2FD-3F05-86C3-267FB9AF57B5}</UniqueIdentifier>
    </Filter>
    <Filter Include="opencv_features2d\Include">
      <UniqueIdentifier>{663196B1-02B5-3FE9-9413-915ED323105A}</UniqueIdentifier>
    </Filter>
    <Filter Include="opencv_features2d\Src">
      <UniqueIdentifier>{0CEFFFD1-021E-3F55-929A-26B05C4AAC28}</UniqueIdentifier>
    </Filter>
    <Filter Include="opencv_features2d\Src\opencl">
      <UniqueIdentifier>{77CDBDEF-1688-364E-83EC-F0666459359B}</UniqueIdentifier>
    </Filter>
  </ItemGroup>
</Project>
