<?xml version="1.0" encoding="utf-8"?>
<Project ToolsVersion="17.0" xmlns="http://schemas.microsoft.com/developer/msbuild/2003">
  <ItemGroup>
    <ClCompile Include="D:\Opencv\4.10.0\opencv_contrib-4.10.0\modules\intensity_transform\test\test_intensity_transform.cpp">
      <Filter>opencv_intensity_transform\Src</Filter>
    </ClCompile>
    <ClCompile Include="D:\Opencv\4.10.0\opencv_contrib-4.10.0\modules\intensity_transform\test\test_main.cpp">
      <Filter>opencv_intensity_transform\Src</Filter>
    </ClCompile>
  </ItemGroup>
  <ItemGroup>
    <ClInclude Include="D:\Opencv\4.10.0\opencv_contrib-4.10.0\modules\intensity_transform\test\test_precomp.hpp">
      <Filter>opencv_intensity_transform\Include</Filter>
    </ClInclude>
  </ItemGroup>
  <ItemGroup>
    <CustomBuild Include="D:\Opencv\4.10.0\opencv-4.10.0\modules\world\CMakeLists.txt" />
  </ItemGroup>
  <ItemGroup>
    <Filter Include="opencv_intensity_transform">
      <UniqueIdentifier>{38A5B461-D731-3432-B657-78EE9953CC89}</UniqueIdentifier>
    </Filter>
    <Filter Include="opencv_intensity_transform\Include">
      <UniqueIdentifier>{8C993391-EAF8-31D8-B6E4-74E8254F84A9}</UniqueIdentifier>
    </Filter>
    <Filter Include="opencv_intensity_transform\Src">
      <UniqueIdentifier>{44C9A3ED-77AE-329F-A498-485A4C10E36A}</UniqueIdentifier>
    </Filter>
  </ItemGroup>
</Project>
