<?xml version="1.0" encoding="utf-8"?>
<Project ToolsVersion="17.0" xmlns="http://schemas.microsoft.com/developer/msbuild/2003">
  <ItemGroup>
    <ClCompile Include="D:\Opencv\4.10.0\opencv-4.10.0\modules\core\perf\cuda\perf_gpumat.cpp">
      <Filter>opencv_core\Src\cuda</Filter>
    </ClCompile>
    <ClCompile Include="D:\Opencv\4.10.0\opencv-4.10.0\modules\core\perf\opencl\perf_arithm.cpp">
      <Filter>opencv_core\Src\opencl</Filter>
    </ClCompile>
    <ClCompile Include="D:\Opencv\4.10.0\opencv-4.10.0\modules\core\perf\opencl\perf_bufferpool.cpp">
      <Filter>opencv_core\Src\opencl</Filter>
    </ClCompile>
    <ClCompile Include="D:\Opencv\4.10.0\opencv-4.10.0\modules\core\perf\opencl\perf_channels.cpp">
      <Filter>opencv_core\Src\opencl</Filter>
    </ClCompile>
    <ClCompile Include="D:\Opencv\4.10.0\opencv-4.10.0\modules\core\perf\opencl\perf_dxt.cpp">
      <Filter>opencv_core\Src\opencl</Filter>
    </ClCompile>
    <ClCompile Include="D:\Opencv\4.10.0\opencv-4.10.0\modules\core\perf\opencl\perf_gemm.cpp">
      <Filter>opencv_core\Src\opencl</Filter>
    </ClCompile>
    <ClCompile Include="D:\Opencv\4.10.0\opencv-4.10.0\modules\core\perf\opencl\perf_matop.cpp">
      <Filter>opencv_core\Src\opencl</Filter>
    </ClCompile>
    <ClCompile Include="D:\Opencv\4.10.0\opencv-4.10.0\modules\core\perf\opencl\perf_usage_flags.cpp">
      <Filter>opencv_core\Src\opencl</Filter>
    </ClCompile>
    <ClCompile Include="D:\Opencv\4.10.0\opencv-4.10.0\modules\core\perf\perf_abs.cpp">
      <Filter>opencv_core\Src</Filter>
    </ClCompile>
    <ClCompile Include="D:\Opencv\4.10.0\opencv-4.10.0\modules\core\perf\perf_addWeighted.cpp">
      <Filter>opencv_core\Src</Filter>
    </ClCompile>
    <ClCompile Include="D:\Opencv\4.10.0\opencv-4.10.0\modules\core\perf\perf_allocation.cpp">
      <Filter>opencv_core\Src</Filter>
    </ClCompile>
    <ClCompile Include="D:\Opencv\4.10.0\opencv-4.10.0\modules\core\perf\perf_arithm.cpp">
      <Filter>opencv_core\Src</Filter>
    </ClCompile>
    <ClCompile Include="D:\Opencv\4.10.0\opencv-4.10.0\modules\core\perf\perf_bitwise.cpp">
      <Filter>opencv_core\Src</Filter>
    </ClCompile>
    <ClCompile Include="D:\Opencv\4.10.0\opencv-4.10.0\modules\core\perf\perf_compare.cpp">
      <Filter>opencv_core\Src</Filter>
    </ClCompile>
    <ClCompile Include="D:\Opencv\4.10.0\opencv-4.10.0\modules\core\perf\perf_convertTo.cpp">
      <Filter>opencv_core\Src</Filter>
    </ClCompile>
    <ClCompile Include="D:\Opencv\4.10.0\opencv-4.10.0\modules\core\perf\perf_cvround.cpp">
      <Filter>opencv_core\Src</Filter>
    </ClCompile>
    <ClCompile Include="D:\Opencv\4.10.0\opencv-4.10.0\modules\core\perf\perf_dft.cpp">
      <Filter>opencv_core\Src</Filter>
    </ClCompile>
    <ClCompile Include="D:\Opencv\4.10.0\opencv-4.10.0\modules\core\perf\perf_dot.cpp">
      <Filter>opencv_core\Src</Filter>
    </ClCompile>
    <ClCompile Include="D:\Opencv\4.10.0\opencv-4.10.0\modules\core\perf\perf_inRange.cpp">
      <Filter>opencv_core\Src</Filter>
    </ClCompile>
    <ClCompile Include="D:\Opencv\4.10.0\opencv-4.10.0\modules\core\perf\perf_io_base64.cpp">
      <Filter>opencv_core\Src</Filter>
    </ClCompile>
    <ClCompile Include="D:\Opencv\4.10.0\opencv-4.10.0\modules\core\perf\perf_lut.cpp">
      <Filter>opencv_core\Src</Filter>
    </ClCompile>
    <ClCompile Include="D:\Opencv\4.10.0\opencv-4.10.0\modules\core\perf\perf_main.cpp">
      <Filter>opencv_core\Src</Filter>
    </ClCompile>
    <ClCompile Include="D:\Opencv\4.10.0\opencv-4.10.0\modules\core\perf\perf_mat.cpp">
      <Filter>opencv_core\Src</Filter>
    </ClCompile>
    <ClCompile Include="D:\Opencv\4.10.0\opencv-4.10.0\modules\core\perf\perf_math.cpp">
      <Filter>opencv_core\Src</Filter>
    </ClCompile>
    <ClCompile Include="D:\Opencv\4.10.0\opencv-4.10.0\modules\core\perf\perf_merge.cpp">
      <Filter>opencv_core\Src</Filter>
    </ClCompile>
    <ClCompile Include="D:\Opencv\4.10.0\opencv-4.10.0\modules\core\perf\perf_minmaxloc.cpp">
      <Filter>opencv_core\Src</Filter>
    </ClCompile>
    <ClCompile Include="D:\Opencv\4.10.0\opencv-4.10.0\modules\core\perf\perf_norm.cpp">
      <Filter>opencv_core\Src</Filter>
    </ClCompile>
    <ClCompile Include="D:\Opencv\4.10.0\opencv-4.10.0\modules\core\perf\perf_reduce.cpp">
      <Filter>opencv_core\Src</Filter>
    </ClCompile>
    <ClCompile Include="D:\Opencv\4.10.0\opencv-4.10.0\modules\core\perf\perf_sort.cpp">
      <Filter>opencv_core\Src</Filter>
    </ClCompile>
    <ClCompile Include="D:\Opencv\4.10.0\opencv-4.10.0\modules\core\perf\perf_split.cpp">
      <Filter>opencv_core\Src</Filter>
    </ClCompile>
    <ClCompile Include="D:\Opencv\4.10.0\opencv-4.10.0\modules\core\perf\perf_stat.cpp">
      <Filter>opencv_core\Src</Filter>
    </ClCompile>
    <ClCompile Include="D:\Opencv\4.10.0\opencv-4.10.0\modules\core\perf\perf_umat.cpp">
      <Filter>opencv_core\Src</Filter>
    </ClCompile>
  </ItemGroup>
  <ItemGroup>
    <ClInclude Include="D:\Opencv\4.10.0\opencv-4.10.0\modules\core\perf\perf_precomp.hpp">
      <Filter>opencv_core\Include</Filter>
    </ClInclude>
  </ItemGroup>
  <ItemGroup>
    <CustomBuild Include="D:\Opencv\4.10.0\opencv-4.10.0\modules\world\CMakeLists.txt" />
  </ItemGroup>
  <ItemGroup>
    <Filter Include="opencv_core">
      <UniqueIdentifier>{E3B97CAF-ED45-39A1-A3BD-35A9724D8F00}</UniqueIdentifier>
    </Filter>
    <Filter Include="opencv_core\Include">
      <UniqueIdentifier>{D24C17E1-6647-3B4A-AAF9-DBA2A164C1F7}</UniqueIdentifier>
    </Filter>
    <Filter Include="opencv_core\Src">
      <UniqueIdentifier>{0ED263F6-43ED-3886-8CDD-060E8E0D7A01}</UniqueIdentifier>
    </Filter>
    <Filter Include="opencv_core\Src\cuda">
      <UniqueIdentifier>{82D43327-7FA4-3161-A8D1-63C9E67E4D15}</UniqueIdentifier>
    </Filter>
    <Filter Include="opencv_core\Src\opencl">
      <UniqueIdentifier>{01D51D25-BE93-3789-BEED-8EACB014CA57}</UniqueIdentifier>
    </Filter>
  </ItemGroup>
</Project>
