<?xml version="1.0" encoding="utf-8"?>
<Project ToolsVersion="17.0" xmlns="http://schemas.microsoft.com/developer/msbuild/2003">
  <ItemGroup>
    <ClCompile Include="D:\Opencv\4.10.0\opencv-4.10.0\modules\imgcodecs\test\test_avif.cpp">
      <Filter>opencv_imgcodecs\Src</Filter>
    </ClCompile>
    <ClCompile Include="D:\Opencv\4.10.0\opencv-4.10.0\modules\imgcodecs\test\test_common.cpp">
      <Filter>opencv_imgcodecs\Src</Filter>
    </ClCompile>
    <ClCompile Include="D:\Opencv\4.10.0\opencv-4.10.0\modules\imgcodecs\test\test_grfmt.cpp">
      <Filter>opencv_imgcodecs\Src</Filter>
    </ClCompile>
    <ClCompile Include="D:\Opencv\4.10.0\opencv-4.10.0\modules\imgcodecs\test\test_jpeg.cpp">
      <Filter>opencv_imgcodecs\Src</Filter>
    </ClCompile>
    <ClCompile Include="D:\Opencv\4.10.0\opencv-4.10.0\modules\imgcodecs\test\test_main.cpp">
      <Filter>opencv_imgcodecs\Src</Filter>
    </ClCompile>
    <ClCompile Include="D:\Opencv\4.10.0\opencv-4.10.0\modules\imgcodecs\test\test_png.cpp">
      <Filter>opencv_imgcodecs\Src</Filter>
    </ClCompile>
    <ClCompile Include="D:\Opencv\4.10.0\opencv-4.10.0\modules\imgcodecs\test\test_read_write.cpp">
      <Filter>opencv_imgcodecs\Src</Filter>
    </ClCompile>
    <ClCompile Include="D:\Opencv\4.10.0\opencv-4.10.0\modules\imgcodecs\test\test_tiff.cpp">
      <Filter>opencv_imgcodecs\Src</Filter>
    </ClCompile>
    <ClCompile Include="D:\Opencv\4.10.0\opencv-4.10.0\modules\imgcodecs\test\test_webp.cpp">
      <Filter>opencv_imgcodecs\Src</Filter>
    </ClCompile>
  </ItemGroup>
  <ItemGroup>
    <ClInclude Include="D:\Opencv\4.10.0\opencv-4.10.0\modules\imgcodecs\test\test_common.hpp">
      <Filter>opencv_imgcodecs\Include</Filter>
    </ClInclude>
    <ClInclude Include="D:\Opencv\4.10.0\opencv-4.10.0\modules\imgcodecs\test\test_exr.impl.hpp">
      <Filter>opencv_imgcodecs\Include</Filter>
    </ClInclude>
    <ClInclude Include="D:\Opencv\4.10.0\opencv-4.10.0\modules\imgcodecs\test\test_precomp.hpp">
      <Filter>opencv_imgcodecs\Include</Filter>
    </ClInclude>
  </ItemGroup>
  <ItemGroup>
    <CustomBuild Include="D:\Opencv\4.10.0\opencv-4.10.0\modules\world\CMakeLists.txt" />
  </ItemGroup>
  <ItemGroup>
    <Filter Include="opencv_imgcodecs">
      <UniqueIdentifier>{EC70DA34-11C5-3C4A-A579-2046C2015CAE}</UniqueIdentifier>
    </Filter>
    <Filter Include="opencv_imgcodecs\Include">
      <UniqueIdentifier>{C8C41077-FA96-34E2-B49E-578C35A8A090}</UniqueIdentifier>
    </Filter>
    <Filter Include="opencv_imgcodecs\Src">
      <UniqueIdentifier>{4F9A85A8-D7E5-367C-8F1D-BE3A7E7DE57D}</UniqueIdentifier>
    </Filter>
  </ItemGroup>
</Project>
