<?xml version="1.0" encoding="utf-8"?>
<Project ToolsVersion="17.0" xmlns="http://schemas.microsoft.com/developer/msbuild/2003">
  <ItemGroup>
    <ClCompile Include="D:\Opencv\4.10.0\opencv_contrib-4.10.0\modules\wechat_qrcode\perf\perf_main.cpp">
      <Filter>opencv_wechat_qrcode\Src</Filter>
    </ClCompile>
    <ClCompile Include="D:\Opencv\4.10.0\opencv_contrib-4.10.0\modules\wechat_qrcode\perf\perf_wechat_qrcode_pipeline.cpp">
      <Filter>opencv_wechat_qrcode\Src</Filter>
    </ClCompile>
  </ItemGroup>
  <ItemGroup>
    <ClInclude Include="D:\Opencv\4.10.0\opencv_contrib-4.10.0\modules\wechat_qrcode\perf\perf_precomp.hpp">
      <Filter>opencv_wechat_qrcode\Include</Filter>
    </ClInclude>
  </ItemGroup>
  <ItemGroup>
    <CustomBuild Include="D:\Opencv\4.10.0\opencv-4.10.0\modules\world\CMakeLists.txt" />
  </ItemGroup>
  <ItemGroup>
    <Filter Include="opencv_wechat_qrcode">
      <UniqueIdentifier>{21BE7388-186E-3557-A4A3-9A16ABFE7B2B}</UniqueIdentifier>
    </Filter>
    <Filter Include="opencv_wechat_qrcode\Include">
      <UniqueIdentifier>{15E8AE5F-17AD-3519-9CB2-A673035D9F1B}</UniqueIdentifier>
    </Filter>
    <Filter Include="opencv_wechat_qrcode\Src">
      <UniqueIdentifier>{A9384F52-2497-32AB-9825-A8DDA5676B6E}</UniqueIdentifier>
    </Filter>
  </ItemGroup>
</Project>
