<?xml version="1.0" encoding="utf-8"?>
<Project ToolsVersion="17.0" xmlns="http://schemas.microsoft.com/developer/msbuild/2003">
  <ItemGroup>
    <ClCompile Include="D:\Opencv\4.10.0\opencv-4.10.0\modules\objdetect\perf\opencl\perf_cascades.cpp">
      <Filter>opencv_objdetect\Src\opencl</Filter>
    </ClCompile>
    <ClCompile Include="D:\Opencv\4.10.0\opencv-4.10.0\modules\objdetect\perf\opencl\perf_hogdetect.cpp">
      <Filter>opencv_objdetect\Src\opencl</Filter>
    </ClCompile>
    <ClCompile Include="D:\Opencv\4.10.0\opencv-4.10.0\modules\objdetect\perf\perf_aruco.cpp">
      <Filter>opencv_objdetect\Src</Filter>
    </ClCompile>
    <ClCompile Include="D:\Opencv\4.10.0\opencv-4.10.0\modules\objdetect\perf\perf_barcode.cpp">
      <Filter>opencv_objdetect\Src</Filter>
    </ClCompile>
    <ClCompile Include="D:\Opencv\4.10.0\opencv-4.10.0\modules\objdetect\perf\perf_main.cpp">
      <Filter>opencv_objdetect\Src</Filter>
    </ClCompile>
    <ClCompile Include="D:\Opencv\4.10.0\opencv-4.10.0\modules\objdetect\perf\perf_qrcode_pipeline.cpp">
      <Filter>opencv_objdetect\Src</Filter>
    </ClCompile>
  </ItemGroup>
  <ItemGroup>
    <ClInclude Include="D:\Opencv\4.10.0\opencv-4.10.0\modules\objdetect\perf\perf_precomp.hpp">
      <Filter>opencv_objdetect\Include</Filter>
    </ClInclude>
  </ItemGroup>
  <ItemGroup>
    <CustomBuild Include="D:\Opencv\4.10.0\opencv-4.10.0\modules\world\CMakeLists.txt" />
  </ItemGroup>
  <ItemGroup>
    <Filter Include="opencv_objdetect">
      <UniqueIdentifier>{12A2D8E3-AA48-35B0-9CD5-96489C0D2266}</UniqueIdentifier>
    </Filter>
    <Filter Include="opencv_objdetect\Include">
      <UniqueIdentifier>{2FF54CD7-3243-3EA7-97A0-1D79E7AF7E6E}</UniqueIdentifier>
    </Filter>
    <Filter Include="opencv_objdetect\Src">
      <UniqueIdentifier>{DA8502E3-103E-39F8-B239-59054C5CEDE6}</UniqueIdentifier>
    </Filter>
    <Filter Include="opencv_objdetect\Src\opencl">
      <UniqueIdentifier>{62F47D49-6710-3EDC-95F9-B0C3211546BB}</UniqueIdentifier>
    </Filter>
  </ItemGroup>
</Project>
