<?xml version="1.0" encoding="utf-8"?>
<Project ToolsVersion="17.0" xmlns="http://schemas.microsoft.com/developer/msbuild/2003">
  <ItemGroup>
    <ClCompile Include="D:\Opencv\4.10.0\opencv-4.10.0\modules\gapi\test\common\gapi_compoundkernel_tests.cpp">
      <Filter>opencv_gapi\Src\common</Filter>
    </ClCompile>
    <ClCompile Include="D:\Opencv\4.10.0\opencv-4.10.0\modules\gapi\test\common\gapi_core_tests.cpp">
      <Filter>opencv_gapi\Src\common</Filter>
    </ClCompile>
    <ClCompile Include="D:\Opencv\4.10.0\opencv-4.10.0\modules\gapi\test\common\gapi_imgproc_tests.cpp">
      <Filter>opencv_gapi\Src\common</Filter>
    </ClCompile>
    <ClCompile Include="D:\Opencv\4.10.0\opencv-4.10.0\modules\gapi\test\common\gapi_operators_tests.cpp">
      <Filter>opencv_gapi\Src\common</Filter>
    </ClCompile>
    <ClCompile Include="D:\Opencv\4.10.0\opencv-4.10.0\modules\gapi\test\common\gapi_render_tests.cpp">
      <Filter>opencv_gapi\Src\common</Filter>
    </ClCompile>
    <ClCompile Include="D:\Opencv\4.10.0\opencv-4.10.0\modules\gapi\test\common\gapi_stereo_tests.cpp">
      <Filter>opencv_gapi\Src\common</Filter>
    </ClCompile>
    <ClCompile Include="D:\Opencv\4.10.0\opencv-4.10.0\modules\gapi\test\common\gapi_video_tests.cpp">
      <Filter>opencv_gapi\Src\common</Filter>
    </ClCompile>
    <ClCompile Include="D:\Opencv\4.10.0\opencv-4.10.0\modules\gapi\test\cpu\gapi_core_tests_cpu.cpp">
      <Filter>opencv_gapi\Src\cpu</Filter>
    </ClCompile>
    <ClCompile Include="D:\Opencv\4.10.0\opencv-4.10.0\modules\gapi\test\cpu\gapi_core_tests_fluid.cpp">
      <Filter>opencv_gapi\Src\cpu</Filter>
    </ClCompile>
    <ClCompile Include="D:\Opencv\4.10.0\opencv-4.10.0\modules\gapi\test\cpu\gapi_imgproc_tests_cpu.cpp">
      <Filter>opencv_gapi\Src\cpu</Filter>
    </ClCompile>
    <ClCompile Include="D:\Opencv\4.10.0\opencv-4.10.0\modules\gapi\test\cpu\gapi_imgproc_tests_fluid.cpp">
      <Filter>opencv_gapi\Src\cpu</Filter>
    </ClCompile>
    <ClCompile Include="D:\Opencv\4.10.0\opencv-4.10.0\modules\gapi\test\cpu\gapi_ocv_stateful_kernel_tests.cpp">
      <Filter>opencv_gapi\Src\cpu</Filter>
    </ClCompile>
    <ClCompile Include="D:\Opencv\4.10.0\opencv-4.10.0\modules\gapi\test\cpu\gapi_operators_tests_cpu.cpp">
      <Filter>opencv_gapi\Src\cpu</Filter>
    </ClCompile>
    <ClCompile Include="D:\Opencv\4.10.0\opencv-4.10.0\modules\gapi\test\cpu\gapi_operators_tests_fluid.cpp">
      <Filter>opencv_gapi\Src\cpu</Filter>
    </ClCompile>
    <ClCompile Include="D:\Opencv\4.10.0\opencv-4.10.0\modules\gapi\test\cpu\gapi_ot_tests_cpu.cpp">
      <Filter>opencv_gapi\Src\cpu</Filter>
    </ClCompile>
    <ClCompile Include="D:\Opencv\4.10.0\opencv-4.10.0\modules\gapi\test\cpu\gapi_stereo_tests_cpu.cpp">
      <Filter>opencv_gapi\Src\cpu</Filter>
    </ClCompile>
    <ClCompile Include="D:\Opencv\4.10.0\opencv-4.10.0\modules\gapi\test\cpu\gapi_video_tests_cpu.cpp">
      <Filter>opencv_gapi\Src\cpu</Filter>
    </ClCompile>
    <ClCompile Include="D:\Opencv\4.10.0\opencv-4.10.0\modules\gapi\test\executor\gtbbexecutor_internal_tests.cpp">
      <Filter>opencv_gapi\Src\executor</Filter>
    </ClCompile>
    <ClCompile Include="D:\Opencv\4.10.0\opencv-4.10.0\modules\gapi\test\gapi_array_tests.cpp">
      <Filter>opencv_gapi\Src</Filter>
    </ClCompile>
    <ClCompile Include="D:\Opencv\4.10.0\opencv-4.10.0\modules\gapi\test\gapi_async_test.cpp">
      <Filter>opencv_gapi\Src</Filter>
    </ClCompile>
    <ClCompile Include="D:\Opencv\4.10.0\opencv-4.10.0\modules\gapi\test\gapi_basic_hetero_tests.cpp">
      <Filter>opencv_gapi\Src</Filter>
    </ClCompile>
    <ClCompile Include="D:\Opencv\4.10.0\opencv-4.10.0\modules\gapi\test\gapi_compile_args_tests.cpp">
      <Filter>opencv_gapi\Src</Filter>
    </ClCompile>
    <ClCompile Include="D:\Opencv\4.10.0\opencv-4.10.0\modules\gapi\test\gapi_desc_tests.cpp">
      <Filter>opencv_gapi\Src</Filter>
    </ClCompile>
    <ClCompile Include="D:\Opencv\4.10.0\opencv-4.10.0\modules\gapi\test\gapi_fluid_parallel_rois_test.cpp">
      <Filter>opencv_gapi\Src</Filter>
    </ClCompile>
    <ClCompile Include="D:\Opencv\4.10.0\opencv-4.10.0\modules\gapi\test\gapi_fluid_resize_test.cpp">
      <Filter>opencv_gapi\Src</Filter>
    </ClCompile>
    <ClCompile Include="D:\Opencv\4.10.0\opencv-4.10.0\modules\gapi\test\gapi_fluid_roi_test.cpp">
      <Filter>opencv_gapi\Src</Filter>
    </ClCompile>
    <ClCompile Include="D:\Opencv\4.10.0\opencv-4.10.0\modules\gapi\test\gapi_fluid_test.cpp">
      <Filter>opencv_gapi\Src</Filter>
    </ClCompile>
    <ClCompile Include="D:\Opencv\4.10.0\opencv-4.10.0\modules\gapi\test\gapi_fluid_test_kernels.cpp">
      <Filter>opencv_gapi\Src</Filter>
    </ClCompile>
    <ClCompile Include="D:\Opencv\4.10.0\opencv-4.10.0\modules\gapi\test\gapi_frame_tests.cpp">
      <Filter>opencv_gapi\Src</Filter>
    </ClCompile>
    <ClCompile Include="D:\Opencv\4.10.0\opencv-4.10.0\modules\gapi\test\gapi_gcompiled_tests.cpp">
      <Filter>opencv_gapi\Src</Filter>
    </ClCompile>
    <ClCompile Include="D:\Opencv\4.10.0\opencv-4.10.0\modules\gapi\test\gapi_gcomputation_tests.cpp">
      <Filter>opencv_gapi\Src</Filter>
    </ClCompile>
    <ClCompile Include="D:\Opencv\4.10.0\opencv-4.10.0\modules\gapi\test\gapi_gpu_test.cpp">
      <Filter>opencv_gapi\Src</Filter>
    </ClCompile>
    <ClCompile Include="D:\Opencv\4.10.0\opencv-4.10.0\modules\gapi\test\gapi_graph_meta_tests.cpp">
      <Filter>opencv_gapi\Src</Filter>
    </ClCompile>
    <ClCompile Include="D:\Opencv\4.10.0\opencv-4.10.0\modules\gapi\test\gapi_kernel_tests.cpp">
      <Filter>opencv_gapi\Src</Filter>
    </ClCompile>
    <ClCompile Include="D:\Opencv\4.10.0\opencv-4.10.0\modules\gapi\test\gapi_mat_tests.cpp">
      <Filter>opencv_gapi\Src</Filter>
    </ClCompile>
    <ClCompile Include="D:\Opencv\4.10.0\opencv-4.10.0\modules\gapi\test\gapi_opaque_tests.cpp">
      <Filter>opencv_gapi\Src</Filter>
    </ClCompile>
    <ClCompile Include="D:\Opencv\4.10.0\opencv-4.10.0\modules\gapi\test\gapi_plaidml_pipelines.cpp">
      <Filter>opencv_gapi\Src</Filter>
    </ClCompile>
    <ClCompile Include="D:\Opencv\4.10.0\opencv-4.10.0\modules\gapi\test\gapi_planar_test.cpp">
      <Filter>opencv_gapi\Src</Filter>
    </ClCompile>
    <ClCompile Include="D:\Opencv\4.10.0\opencv-4.10.0\modules\gapi\test\gapi_sample_pipelines.cpp">
      <Filter>opencv_gapi\Src</Filter>
    </ClCompile>
    <ClCompile Include="D:\Opencv\4.10.0\opencv-4.10.0\modules\gapi\test\gapi_scalar_tests.cpp">
      <Filter>opencv_gapi\Src</Filter>
    </ClCompile>
    <ClCompile Include="D:\Opencv\4.10.0\opencv-4.10.0\modules\gapi\test\gapi_smoke_test.cpp">
      <Filter>opencv_gapi\Src</Filter>
    </ClCompile>
    <ClCompile Include="D:\Opencv\4.10.0\opencv-4.10.0\modules\gapi\test\gapi_transform_tests.cpp">
      <Filter>opencv_gapi\Src</Filter>
    </ClCompile>
    <ClCompile Include="D:\Opencv\4.10.0\opencv-4.10.0\modules\gapi\test\gapi_typed_tests.cpp">
      <Filter>opencv_gapi\Src</Filter>
    </ClCompile>
    <ClCompile Include="D:\Opencv\4.10.0\opencv-4.10.0\modules\gapi\test\gapi_util_tests.cpp">
      <Filter>opencv_gapi\Src</Filter>
    </ClCompile>
    <ClCompile Include="D:\Opencv\4.10.0\opencv-4.10.0\modules\gapi\test\gpu\gapi_core_tests_gpu.cpp">
      <Filter>opencv_gapi\Src\gpu</Filter>
    </ClCompile>
    <ClCompile Include="D:\Opencv\4.10.0\opencv-4.10.0\modules\gapi\test\gpu\gapi_imgproc_tests_gpu.cpp">
      <Filter>opencv_gapi\Src\gpu</Filter>
    </ClCompile>
    <ClCompile Include="D:\Opencv\4.10.0\opencv-4.10.0\modules\gapi\test\gpu\gapi_operators_tests_gpu.cpp">
      <Filter>opencv_gapi\Src\gpu</Filter>
    </ClCompile>
    <ClCompile Include="D:\Opencv\4.10.0\opencv-4.10.0\modules\gapi\test\infer\gapi_infer_ie_test.cpp">
      <Filter>opencv_gapi\Src\infer</Filter>
    </ClCompile>
    <ClCompile Include="D:\Opencv\4.10.0\opencv-4.10.0\modules\gapi\test\infer\gapi_infer_onnx_test.cpp">
      <Filter>opencv_gapi\Src\infer</Filter>
    </ClCompile>
    <ClCompile Include="D:\Opencv\4.10.0\opencv-4.10.0\modules\gapi\test\infer\gapi_infer_ov_tests.cpp">
      <Filter>opencv_gapi\Src\infer</Filter>
    </ClCompile>
    <ClCompile Include="D:\Opencv\4.10.0\opencv-4.10.0\modules\gapi\test\infer\gapi_infer_tests.cpp">
      <Filter>opencv_gapi\Src\infer</Filter>
    </ClCompile>
    <ClCompile Include="D:\Opencv\4.10.0\opencv-4.10.0\modules\gapi\test\internal\gapi_int_backend_tests.cpp">
      <Filter>opencv_gapi\Src\internal</Filter>
    </ClCompile>
    <ClCompile Include="D:\Opencv\4.10.0\opencv-4.10.0\modules\gapi\test\internal\gapi_int_dynamic_graph.cpp">
      <Filter>opencv_gapi\Src\internal</Filter>
    </ClCompile>
    <ClCompile Include="D:\Opencv\4.10.0\opencv-4.10.0\modules\gapi\test\internal\gapi_int_executor_tests.cpp">
      <Filter>opencv_gapi\Src\internal</Filter>
    </ClCompile>
    <ClCompile Include="D:\Opencv\4.10.0\opencv-4.10.0\modules\gapi\test\internal\gapi_int_garg_test.cpp">
      <Filter>opencv_gapi\Src\internal</Filter>
    </ClCompile>
    <ClCompile Include="D:\Opencv\4.10.0\opencv-4.10.0\modules\gapi\test\internal\gapi_int_gmetaarg_test.cpp">
      <Filter>opencv_gapi\Src\internal</Filter>
    </ClCompile>
    <ClCompile Include="D:\Opencv\4.10.0\opencv-4.10.0\modules\gapi\test\internal\gapi_int_gmodel_builder_test.cpp">
      <Filter>opencv_gapi\Src\internal</Filter>
    </ClCompile>
    <ClCompile Include="D:\Opencv\4.10.0\opencv-4.10.0\modules\gapi\test\internal\gapi_int_island_fusion_tests.cpp">
      <Filter>opencv_gapi\Src\internal</Filter>
    </ClCompile>
    <ClCompile Include="D:\Opencv\4.10.0\opencv-4.10.0\modules\gapi\test\internal\gapi_int_island_tests.cpp">
      <Filter>opencv_gapi\Src\internal</Filter>
    </ClCompile>
    <ClCompile Include="D:\Opencv\4.10.0\opencv-4.10.0\modules\gapi\test\internal\gapi_int_pattern_matching_test.cpp">
      <Filter>opencv_gapi\Src\internal</Filter>
    </ClCompile>
    <ClCompile Include="D:\Opencv\4.10.0\opencv-4.10.0\modules\gapi\test\internal\gapi_int_perform_substitution_test.cpp">
      <Filter>opencv_gapi\Src\internal</Filter>
    </ClCompile>
    <ClCompile Include="D:\Opencv\4.10.0\opencv-4.10.0\modules\gapi\test\internal\gapi_int_proto_tests.cpp">
      <Filter>opencv_gapi\Src\internal</Filter>
    </ClCompile>
    <ClCompile Include="D:\Opencv\4.10.0\opencv-4.10.0\modules\gapi\test\internal\gapi_int_recompilation_test.cpp">
      <Filter>opencv_gapi\Src\internal</Filter>
    </ClCompile>
    <ClCompile Include="D:\Opencv\4.10.0\opencv-4.10.0\modules\gapi\test\internal\gapi_int_vectorref_test.cpp">
      <Filter>opencv_gapi\Src\internal</Filter>
    </ClCompile>
    <ClCompile Include="D:\Opencv\4.10.0\opencv-4.10.0\modules\gapi\test\internal\gapi_transactions_test.cpp">
      <Filter>opencv_gapi\Src\internal</Filter>
    </ClCompile>
    <ClCompile Include="D:\Opencv\4.10.0\opencv-4.10.0\modules\gapi\test\oak\gapi_tests_oak.cpp">
      <Filter>opencv_gapi\Src\oak</Filter>
    </ClCompile>
    <ClCompile Include="D:\Opencv\4.10.0\opencv-4.10.0\modules\gapi\test\own\conc_queue_tests.cpp">
      <Filter>opencv_gapi\Src\own</Filter>
    </ClCompile>
    <ClCompile Include="D:\Opencv\4.10.0\opencv-4.10.0\modules\gapi\test\own\gapi_types_tests.cpp">
      <Filter>opencv_gapi\Src\own</Filter>
    </ClCompile>
    <ClCompile Include="D:\Opencv\4.10.0\opencv-4.10.0\modules\gapi\test\own\last_written_value_tests.cpp">
      <Filter>opencv_gapi\Src\own</Filter>
    </ClCompile>
    <ClCompile Include="D:\Opencv\4.10.0\opencv-4.10.0\modules\gapi\test\own\mat_tests.cpp">
      <Filter>opencv_gapi\Src\own</Filter>
    </ClCompile>
    <ClCompile Include="D:\Opencv\4.10.0\opencv-4.10.0\modules\gapi\test\own\scalar_tests.cpp">
      <Filter>opencv_gapi\Src\own</Filter>
    </ClCompile>
    <ClCompile Include="D:\Opencv\4.10.0\opencv-4.10.0\modules\gapi\test\own\thread_pool_tests.cpp">
      <Filter>opencv_gapi\Src\own</Filter>
    </ClCompile>
    <ClCompile Include="D:\Opencv\4.10.0\opencv-4.10.0\modules\gapi\test\render\ftp_render_test.cpp">
      <Filter>opencv_gapi\Src\render</Filter>
    </ClCompile>
    <ClCompile Include="D:\Opencv\4.10.0\opencv-4.10.0\modules\gapi\test\render\gapi_render_tests_ocv.cpp">
      <Filter>opencv_gapi\Src\render</Filter>
    </ClCompile>
    <ClCompile Include="D:\Opencv\4.10.0\opencv-4.10.0\modules\gapi\test\rmat\rmat_integration_tests.cpp">
      <Filter>opencv_gapi\Src\rmat</Filter>
    </ClCompile>
    <ClCompile Include="D:\Opencv\4.10.0\opencv-4.10.0\modules\gapi\test\rmat\rmat_tests.cpp">
      <Filter>opencv_gapi\Src\rmat</Filter>
    </ClCompile>
    <ClCompile Include="D:\Opencv\4.10.0\opencv-4.10.0\modules\gapi\test\rmat\rmat_view_tests.cpp">
      <Filter>opencv_gapi\Src\rmat</Filter>
    </ClCompile>
    <ClCompile Include="D:\Opencv\4.10.0\opencv-4.10.0\modules\gapi\test\s11n\gapi_s11n_tests.cpp">
      <Filter>opencv_gapi\Src\s11n</Filter>
    </ClCompile>
    <ClCompile Include="D:\Opencv\4.10.0\opencv-4.10.0\modules\gapi\test\s11n\gapi_sample_pipelines_s11n.cpp">
      <Filter>opencv_gapi\Src\s11n</Filter>
    </ClCompile>
    <ClCompile Include="D:\Opencv\4.10.0\opencv-4.10.0\modules\gapi\test\streaming\gapi_gstreamer_pipeline_facade_int_tests.cpp">
      <Filter>opencv_gapi\Src\streaming</Filter>
    </ClCompile>
    <ClCompile Include="D:\Opencv\4.10.0\opencv-4.10.0\modules\gapi\test\streaming\gapi_gstreamersource_tests.cpp">
      <Filter>opencv_gapi\Src\streaming</Filter>
    </ClCompile>
    <ClCompile Include="D:\Opencv\4.10.0\opencv-4.10.0\modules\gapi\test\streaming\gapi_streaming_queue_source_tests.cpp">
      <Filter>opencv_gapi\Src\streaming</Filter>
    </ClCompile>
    <ClCompile Include="D:\Opencv\4.10.0\opencv-4.10.0\modules\gapi\test\streaming\gapi_streaming_sync_tests.cpp">
      <Filter>opencv_gapi\Src\streaming</Filter>
    </ClCompile>
    <ClCompile Include="D:\Opencv\4.10.0\opencv-4.10.0\modules\gapi\test\streaming\gapi_streaming_tests.cpp">
      <Filter>opencv_gapi\Src\streaming</Filter>
    </ClCompile>
    <ClCompile Include="D:\Opencv\4.10.0\opencv-4.10.0\modules\gapi\test\streaming\gapi_streaming_utils_test.cpp">
      <Filter>opencv_gapi\Src\streaming</Filter>
    </ClCompile>
    <ClCompile Include="D:\Opencv\4.10.0\opencv-4.10.0\modules\gapi\test\streaming\gapi_streaming_vpl_core_test.cpp">
      <Filter>opencv_gapi\Src\streaming</Filter>
    </ClCompile>
    <ClCompile Include="D:\Opencv\4.10.0\opencv-4.10.0\modules\gapi\test\streaming\gapi_streaming_vpl_data_provider.cpp">
      <Filter>opencv_gapi\Src\streaming</Filter>
    </ClCompile>
    <ClCompile Include="D:\Opencv\4.10.0\opencv-4.10.0\modules\gapi\test\streaming\gapi_streaming_vpl_device_selector.cpp">
      <Filter>opencv_gapi\Src\streaming</Filter>
    </ClCompile>
    <ClCompile Include="D:\Opencv\4.10.0\opencv-4.10.0\modules\gapi\test\streaming\gapi_streaming_vpp_preproc_test.cpp">
      <Filter>opencv_gapi\Src\streaming</Filter>
    </ClCompile>
    <ClCompile Include="D:\Opencv\4.10.0\opencv-4.10.0\modules\gapi\test\test_main.cpp">
      <Filter>opencv_gapi\Src</Filter>
    </ClCompile>
    <ClCompile Include="D:\Opencv\4.10.0\opencv-4.10.0\modules\gapi\test\util\any_tests.cpp">
      <Filter>opencv_gapi\Src\util</Filter>
    </ClCompile>
    <ClCompile Include="D:\Opencv\4.10.0\opencv-4.10.0\modules\gapi\test\util\optional_tests.cpp">
      <Filter>opencv_gapi\Src\util</Filter>
    </ClCompile>
    <ClCompile Include="D:\Opencv\4.10.0\opencv-4.10.0\modules\gapi\test\util\variant_tests.cpp">
      <Filter>opencv_gapi\Src\util</Filter>
    </ClCompile>
  </ItemGroup>
  <ItemGroup>
    <ClInclude Include="D:\Opencv\4.10.0\opencv-4.10.0\modules\gapi\test\common\gapi_core_tests.hpp">
      <Filter>opencv_gapi\Include\common</Filter>
    </ClInclude>
    <ClInclude Include="D:\Opencv\4.10.0\opencv-4.10.0\modules\gapi\test\common\gapi_core_tests_common.hpp">
      <Filter>opencv_gapi\Include\common</Filter>
    </ClInclude>
    <ClInclude Include="D:\Opencv\4.10.0\opencv-4.10.0\modules\gapi\test\common\gapi_core_tests_inl.hpp">
      <Filter>opencv_gapi\Include\common</Filter>
    </ClInclude>
    <ClInclude Include="D:\Opencv\4.10.0\opencv-4.10.0\modules\gapi\test\common\gapi_imgproc_tests.hpp">
      <Filter>opencv_gapi\Include\common</Filter>
    </ClInclude>
    <ClInclude Include="D:\Opencv\4.10.0\opencv-4.10.0\modules\gapi\test\common\gapi_imgproc_tests_common.hpp">
      <Filter>opencv_gapi\Include\common</Filter>
    </ClInclude>
    <ClInclude Include="D:\Opencv\4.10.0\opencv-4.10.0\modules\gapi\test\common\gapi_imgproc_tests_inl.hpp">
      <Filter>opencv_gapi\Include\common</Filter>
    </ClInclude>
    <ClInclude Include="D:\Opencv\4.10.0\opencv-4.10.0\modules\gapi\test\common\gapi_operators_tests.hpp">
      <Filter>opencv_gapi\Include\common</Filter>
    </ClInclude>
    <ClInclude Include="D:\Opencv\4.10.0\opencv-4.10.0\modules\gapi\test\common\gapi_operators_tests_inl.hpp">
      <Filter>opencv_gapi\Include\common</Filter>
    </ClInclude>
    <ClInclude Include="D:\Opencv\4.10.0\opencv-4.10.0\modules\gapi\test\common\gapi_parsers_tests_common.hpp">
      <Filter>opencv_gapi\Include\common</Filter>
    </ClInclude>
    <ClInclude Include="D:\Opencv\4.10.0\opencv-4.10.0\modules\gapi\test\common\gapi_render_tests.hpp">
      <Filter>opencv_gapi\Include\common</Filter>
    </ClInclude>
    <ClInclude Include="D:\Opencv\4.10.0\opencv-4.10.0\modules\gapi\test\common\gapi_stereo_tests.hpp">
      <Filter>opencv_gapi\Include\common</Filter>
    </ClInclude>
    <ClInclude Include="D:\Opencv\4.10.0\opencv-4.10.0\modules\gapi\test\common\gapi_stereo_tests_inl.hpp">
      <Filter>opencv_gapi\Include\common</Filter>
    </ClInclude>
    <ClInclude Include="D:\Opencv\4.10.0\opencv-4.10.0\modules\gapi\test\common\gapi_streaming_tests_common.hpp">
      <Filter>opencv_gapi\Include\common</Filter>
    </ClInclude>
    <ClInclude Include="D:\Opencv\4.10.0\opencv-4.10.0\modules\gapi\test\common\gapi_tests_common.hpp">
      <Filter>opencv_gapi\Include\common</Filter>
    </ClInclude>
    <ClInclude Include="D:\Opencv\4.10.0\opencv-4.10.0\modules\gapi\test\common\gapi_tests_helpers.hpp">
      <Filter>opencv_gapi\Include\common</Filter>
    </ClInclude>
    <ClInclude Include="D:\Opencv\4.10.0\opencv-4.10.0\modules\gapi\test\common\gapi_video_tests.hpp">
      <Filter>opencv_gapi\Include\common</Filter>
    </ClInclude>
    <ClInclude Include="D:\Opencv\4.10.0\opencv-4.10.0\modules\gapi\test\common\gapi_video_tests_common.hpp">
      <Filter>opencv_gapi\Include\common</Filter>
    </ClInclude>
    <ClInclude Include="D:\Opencv\4.10.0\opencv-4.10.0\modules\gapi\test\common\gapi_video_tests_inl.hpp">
      <Filter>opencv_gapi\Include\common</Filter>
    </ClInclude>
    <ClInclude Include="D:\Opencv\4.10.0\opencv-4.10.0\modules\gapi\test\cpu\gapi_ocv_stateful_kernel_test_utils.hpp">
      <Filter>opencv_gapi\Include\cpu</Filter>
    </ClInclude>
    <ClInclude Include="D:\Opencv\4.10.0\opencv-4.10.0\modules\gapi\test\gapi_fluid_test_kernels.hpp">
      <Filter>opencv_gapi\Include</Filter>
    </ClInclude>
    <ClInclude Include="D:\Opencv\4.10.0\opencv-4.10.0\modules\gapi\test\gapi_mock_kernels.hpp">
      <Filter>opencv_gapi\Include</Filter>
    </ClInclude>
    <ClInclude Include="D:\Opencv\4.10.0\opencv-4.10.0\modules\gapi\test\opencl_kernels_test_gapi.hpp">
      <Filter>opencv_gapi\Include</Filter>
    </ClInclude>
    <ClInclude Include="D:\Opencv\4.10.0\opencv-4.10.0\modules\gapi\test\rmat\rmat_test_common.hpp">
      <Filter>opencv_gapi\Include\rmat</Filter>
    </ClInclude>
    <ClInclude Include="D:\Opencv\4.10.0\opencv-4.10.0\modules\gapi\test\test_precomp.hpp">
      <Filter>opencv_gapi\Include</Filter>
    </ClInclude>
  </ItemGroup>
  <ItemGroup>
    <CustomBuild Include="D:\Opencv\4.10.0\opencv-4.10.0\modules\world\CMakeLists.txt" />
  </ItemGroup>
  <ItemGroup>
    <Filter Include="opencv_gapi">
      <UniqueIdentifier>{8BEF3EA0-DD13-3898-82E0-8468BF35EF32}</UniqueIdentifier>
    </Filter>
    <Filter Include="opencv_gapi\Include">
      <UniqueIdentifier>{5FAAE6EE-7FB6-3867-AF19-8359CE10627B}</UniqueIdentifier>
    </Filter>
    <Filter Include="opencv_gapi\Include\common">
      <UniqueIdentifier>{C3D2A1E9-FDD5-37D2-9394-2A56ACB9BF29}</UniqueIdentifier>
    </Filter>
    <Filter Include="opencv_gapi\Include\cpu">
      <UniqueIdentifier>{3EBE0095-B32B-30F3-99A5-74A81956DAA3}</UniqueIdentifier>
    </Filter>
    <Filter Include="opencv_gapi\Include\rmat">
      <UniqueIdentifier>{328239F6-F8D5-31A3-AAFF-438707BE9F54}</UniqueIdentifier>
    </Filter>
    <Filter Include="opencv_gapi\Src">
      <UniqueIdentifier>{6851A987-E469-3F0A-A53F-D76ACDD45B91}</UniqueIdentifier>
    </Filter>
    <Filter Include="opencv_gapi\Src\common">
      <UniqueIdentifier>{5A13895A-68FD-3A40-9125-995F4FDF6761}</UniqueIdentifier>
    </Filter>
    <Filter Include="opencv_gapi\Src\cpu">
      <UniqueIdentifier>{613FB4BD-F4AF-3D30-B310-CDD60D5D203A}</UniqueIdentifier>
    </Filter>
    <Filter Include="opencv_gapi\Src\executor">
      <UniqueIdentifier>{7514E053-E0B7-3D39-BE96-447CC13EA323}</UniqueIdentifier>
    </Filter>
    <Filter Include="opencv_gapi\Src\gpu">
      <UniqueIdentifier>{C4EE845C-1530-3E0F-A5DC-C3DB10E2EEB5}</UniqueIdentifier>
    </Filter>
    <Filter Include="opencv_gapi\Src\infer">
      <UniqueIdentifier>{4272EC0D-2C34-3097-919F-369D86440EB4}</UniqueIdentifier>
    </Filter>
    <Filter Include="opencv_gapi\Src\internal">
      <UniqueIdentifier>{E29E7D04-77FE-367E-93FE-87E8E82115C3}</UniqueIdentifier>
    </Filter>
    <Filter Include="opencv_gapi\Src\oak">
      <UniqueIdentifier>{65D2E76C-13C8-3F61-81A6-A99E30189DCC}</UniqueIdentifier>
    </Filter>
    <Filter Include="opencv_gapi\Src\own">
      <UniqueIdentifier>{CAB280B3-B556-379C-937B-DDF68C6953C5}</UniqueIdentifier>
    </Filter>
    <Filter Include="opencv_gapi\Src\render">
      <UniqueIdentifier>{D8294815-652D-39D6-B407-1A5C457F6060}</UniqueIdentifier>
    </Filter>
    <Filter Include="opencv_gapi\Src\rmat">
      <UniqueIdentifier>{10372364-8C42-318B-846F-11E2BE474FFD}</UniqueIdentifier>
    </Filter>
    <Filter Include="opencv_gapi\Src\s11n">
      <UniqueIdentifier>{40E65EAC-19E6-369D-93A6-980FFB202558}</UniqueIdentifier>
    </Filter>
    <Filter Include="opencv_gapi\Src\streaming">
      <UniqueIdentifier>{4F991DF3-E444-3864-9A75-E7341015F8C7}</UniqueIdentifier>
    </Filter>
    <Filter Include="opencv_gapi\Src\util">
      <UniqueIdentifier>{F3DE3438-53A1-37FD-A4A3-4E20E7A7A06D}</UniqueIdentifier>
    </Filter>
  </ItemGroup>
</Project>
