<?xml version="1.0" encoding="utf-8"?>
<Project ToolsVersion="17.0" xmlns="http://schemas.microsoft.com/developer/msbuild/2003">
  <ItemGroup>
    <ClCompile Include="D:\Opencv\4.10.0\opencv_contrib-4.10.0\modules\cudaobjdetect\test\test_main.cpp">
      <Filter>opencv_cudaobjdetect\Src</Filter>
    </ClCompile>
    <ClCompile Include="D:\Opencv\4.10.0\opencv_contrib-4.10.0\modules\cudaobjdetect\test\test_objdetect.cpp">
      <Filter>opencv_cudaobjdetect\Src</Filter>
    </ClCompile>
  </ItemGroup>
  <ItemGroup>
    <ClInclude Include="D:\Opencv\4.10.0\opencv_contrib-4.10.0\modules\cudaobjdetect\test\test_precomp.hpp">
      <Filter>opencv_cudaobjdetect\Include</Filter>
    </ClInclude>
  </ItemGroup>
  <ItemGroup>
    <Filter Include="opencv_cudaobjdetect">
      <UniqueIdentifier>{943D99B3-2F2F-36BA-9659-6B0EF10F01FB}</UniqueIdentifier>
    </Filter>
    <Filter Include="opencv_cudaobjdetect\Include">
      <UniqueIdentifier>{04A58E6C-1531-33D9-A105-E09CD945064E}</UniqueIdentifier>
    </Filter>
    <Filter Include="opencv_cudaobjdetect\Src">
      <UniqueIdentifier>{F7791515-AE93-3C0B-B092-66FD9466E456}</UniqueIdentifier>
    </Filter>
  </ItemGroup>
</Project>
