<?xml version="1.0" encoding="utf-8"?>
<Project ToolsVersion="17.0" xmlns="http://schemas.microsoft.com/developer/msbuild/2003">
  <ItemGroup>
    <ClCompile Include="D:\Opencv\4.10.0\opencv_contrib-4.10.0\modules\cudabgsegm\test\test_bgsegm.cpp">
      <Filter>opencv_cudabgsegm\Src</Filter>
    </ClCompile>
    <ClCompile Include="D:\Opencv\4.10.0\opencv_contrib-4.10.0\modules\cudabgsegm\test\test_main.cpp">
      <Filter>opencv_cudabgsegm\Src</Filter>
    </ClCompile>
  </ItemGroup>
  <ItemGroup>
    <ClInclude Include="D:\Opencv\4.10.0\opencv_contrib-4.10.0\modules\cudabgsegm\test\test_precomp.hpp">
      <Filter>opencv_cudabgsegm\Include</Filter>
    </ClInclude>
  </ItemGroup>
  <ItemGroup>
    <Filter Include="opencv_cudabgsegm">
      <UniqueIdentifier>{58FBDDD4-E401-36A6-A243-C9294C2FEF86}</UniqueIdentifier>
    </Filter>
    <Filter Include="opencv_cudabgsegm\Include">
      <UniqueIdentifier>{E9D2E8AD-F878-32CD-A037-082D9CDD473F}</UniqueIdentifier>
    </Filter>
    <Filter Include="opencv_cudabgsegm\Src">
      <UniqueIdentifier>{1F4DCB40-D4DB-3F84-9B43-9C5C9DCF0009}</UniqueIdentifier>
    </Filter>
  </ItemGroup>
</Project>
