<?xml version="1.0" encoding="utf-8"?>
<Project ToolsVersion="17.0" xmlns="http://schemas.microsoft.com/developer/msbuild/2003">
  <ItemGroup>
    <ClCompile Include="D:\Opencv\4.10.0\opencv-4.10.0\modules\videoio\test\test_audio.cpp">
      <Filter>opencv_videoio\Src</Filter>
    </ClCompile>
    <ClCompile Include="D:\Opencv\4.10.0\opencv-4.10.0\modules\videoio\test\test_camera.cpp">
      <Filter>opencv_videoio\Src</Filter>
    </ClCompile>
    <ClCompile Include="D:\Opencv\4.10.0\opencv-4.10.0\modules\videoio\test\test_container_avi.cpp">
      <Filter>opencv_videoio\Src</Filter>
    </ClCompile>
    <ClCompile Include="D:\Opencv\4.10.0\opencv-4.10.0\modules\videoio\test\test_dynamic.cpp">
      <Filter>opencv_videoio\Src</Filter>
    </ClCompile>
    <ClCompile Include="D:\Opencv\4.10.0\opencv-4.10.0\modules\videoio\test\test_ffmpeg.cpp">
      <Filter>opencv_videoio\Src</Filter>
    </ClCompile>
    <ClCompile Include="D:\Opencv\4.10.0\opencv-4.10.0\modules\videoio\test\test_gstreamer.cpp">
      <Filter>opencv_videoio\Src</Filter>
    </ClCompile>
    <ClCompile Include="D:\Opencv\4.10.0\opencv-4.10.0\modules\videoio\test\test_images.cpp">
      <Filter>opencv_videoio\Src</Filter>
    </ClCompile>
    <ClCompile Include="D:\Opencv\4.10.0\opencv-4.10.0\modules\videoio\test\test_main.cpp">
      <Filter>opencv_videoio\Src</Filter>
    </ClCompile>
    <ClCompile Include="D:\Opencv\4.10.0\opencv-4.10.0\modules\videoio\test\test_mfx.cpp">
      <Filter>opencv_videoio\Src</Filter>
    </ClCompile>
    <ClCompile Include="D:\Opencv\4.10.0\opencv-4.10.0\modules\videoio\test\test_microphone.cpp">
      <Filter>opencv_videoio\Src</Filter>
    </ClCompile>
    <ClCompile Include="D:\Opencv\4.10.0\opencv-4.10.0\modules\videoio\test\test_orientation.cpp">
      <Filter>opencv_videoio\Src</Filter>
    </ClCompile>
    <ClCompile Include="D:\Opencv\4.10.0\opencv-4.10.0\modules\videoio\test\test_plugins.cpp">
      <Filter>opencv_videoio\Src</Filter>
    </ClCompile>
    <ClCompile Include="D:\Opencv\4.10.0\opencv-4.10.0\modules\videoio\test\test_v4l2.cpp">
      <Filter>opencv_videoio\Src</Filter>
    </ClCompile>
    <ClCompile Include="D:\Opencv\4.10.0\opencv-4.10.0\modules\videoio\test\test_video_io.cpp">
      <Filter>opencv_videoio\Src</Filter>
    </ClCompile>
  </ItemGroup>
  <ItemGroup>
    <ClInclude Include="D:\Opencv\4.10.0\opencv-4.10.0\modules\videoio\test\test_precomp.hpp">
      <Filter>opencv_videoio\Include</Filter>
    </ClInclude>
  </ItemGroup>
  <ItemGroup>
    <CustomBuild Include="D:\Opencv\4.10.0\opencv-4.10.0\modules\world\CMakeLists.txt" />
  </ItemGroup>
  <ItemGroup>
    <Filter Include="opencv_videoio">
      <UniqueIdentifier>{C9666138-577F-34D5-AE32-221F0F22EE46}</UniqueIdentifier>
    </Filter>
    <Filter Include="opencv_videoio\Include">
      <UniqueIdentifier>{D4F2491D-55B3-3858-B59D-6329FE57C2B1}</UniqueIdentifier>
    </Filter>
    <Filter Include="opencv_videoio\Src">
      <UniqueIdentifier>{8417E3B3-17DE-37F7-AC28-E95E54F4A687}</UniqueIdentifier>
    </Filter>
  </ItemGroup>
</Project>
