<?xml version="1.0" encoding="utf-8"?>
<Project ToolsVersion="17.0" xmlns="http://schemas.microsoft.com/developer/msbuild/2003">
  <ItemGroup>
    <ClCompile Include="D:\Opencv\4.10.0\opencv_contrib-4.10.0\modules\dnn_superres\test\test_dnn_superres.cpp">
      <Filter>opencv_dnn_superres\Src</Filter>
    </ClCompile>
    <ClCompile Include="D:\Opencv\4.10.0\opencv_contrib-4.10.0\modules\dnn_superres\test\test_main.cpp">
      <Filter>opencv_dnn_superres\Src</Filter>
    </ClCompile>
  </ItemGroup>
  <ItemGroup>
    <ClInclude Include="D:\Opencv\4.10.0\opencv_contrib-4.10.0\modules\dnn_superres\test\test_precomp.hpp">
      <Filter>opencv_dnn_superres\Include</Filter>
    </ClInclude>
  </ItemGroup>
  <ItemGroup>
    <CustomBuild Include="D:\Opencv\4.10.0\opencv-4.10.0\modules\world\CMakeLists.txt" />
  </ItemGroup>
  <ItemGroup>
    <Filter Include="opencv_dnn_superres">
      <UniqueIdentifier>{D8DFB2FF-BF2F-3422-8903-77D04B02ADEB}</UniqueIdentifier>
    </Filter>
    <Filter Include="opencv_dnn_superres\Include">
      <UniqueIdentifier>{0B3D1F07-9556-331D-85CA-6EE3A2B90883}</UniqueIdentifier>
    </Filter>
    <Filter Include="opencv_dnn_superres\Src">
      <UniqueIdentifier>{76A7CC98-A36F-3B0C-BB14-E192C78E4D80}</UniqueIdentifier>
    </Filter>
  </ItemGroup>
</Project>
