<?xml version="1.0" encoding="utf-8"?>
<Project ToolsVersion="17.0" xmlns="http://schemas.microsoft.com/developer/msbuild/2003">
  <ItemGroup>
    <ClCompile Include="D:\Opencv\4.10.0\opencv_contrib-4.10.0\modules\mcc\test\test_ccm.cpp">
      <Filter>opencv_mcc\Src</Filter>
    </ClCompile>
    <ClCompile Include="D:\Opencv\4.10.0\opencv_contrib-4.10.0\modules\mcc\test\test_main.cpp">
      <Filter>opencv_mcc\Src</Filter>
    </ClCompile>
    <ClCompile Include="D:\Opencv\4.10.0\opencv_contrib-4.10.0\modules\mcc\test\test_mcc.cpp">
      <Filter>opencv_mcc\Src</Filter>
    </ClCompile>
  </ItemGroup>
  <ItemGroup>
    <ClInclude Include="D:\Opencv\4.10.0\opencv_contrib-4.10.0\modules\mcc\test\test_precomp.hpp">
      <Filter>opencv_mcc\Include</Filter>
    </ClInclude>
  </ItemGroup>
  <ItemGroup>
    <CustomBuild Include="D:\Opencv\4.10.0\opencv-4.10.0\modules\world\CMakeLists.txt" />
  </ItemGroup>
  <ItemGroup>
    <Filter Include="opencv_mcc">
      <UniqueIdentifier>{FA65AAED-643F-36AE-95F0-3723C555A0A2}</UniqueIdentifier>
    </Filter>
    <Filter Include="opencv_mcc\Include">
      <UniqueIdentifier>{A82A5062-A1DE-3F4F-8293-3FDD84C6E347}</UniqueIdentifier>
    </Filter>
    <Filter Include="opencv_mcc\Src">
      <UniqueIdentifier>{9BCE4F92-56BE-3D0C-9AA9-F0B4A9F6BFC8}</UniqueIdentifier>
    </Filter>
  </ItemGroup>
</Project>
