<?xml version="1.0" encoding="utf-8"?>
<Project ToolsVersion="17.0" xmlns="http://schemas.microsoft.com/developer/msbuild/2003">
  <ItemGroup>
    <ClCompile Include="D:\Opencv\4.10.0\opencv_contrib-4.10.0\modules\xfeatures2d\test\test_detectors.cpp">
      <Filter>opencv_xfeatures2d\Src</Filter>
    </ClCompile>
    <ClCompile Include="D:\Opencv\4.10.0\opencv_contrib-4.10.0\modules\xfeatures2d\test\test_features2d.cpp">
      <Filter>opencv_xfeatures2d\Src</Filter>
    </ClCompile>
    <ClCompile Include="D:\Opencv\4.10.0\opencv_contrib-4.10.0\modules\xfeatures2d\test\test_gms_matcher.cpp">
      <Filter>opencv_xfeatures2d\Src</Filter>
    </ClCompile>
    <ClCompile Include="D:\Opencv\4.10.0\opencv_contrib-4.10.0\modules\xfeatures2d\test\test_keypoints.cpp">
      <Filter>opencv_xfeatures2d\Src</Filter>
    </ClCompile>
    <ClCompile Include="D:\Opencv\4.10.0\opencv_contrib-4.10.0\modules\xfeatures2d\test\test_logos_matcher.cpp">
      <Filter>opencv_xfeatures2d\Src</Filter>
    </ClCompile>
    <ClCompile Include="D:\Opencv\4.10.0\opencv_contrib-4.10.0\modules\xfeatures2d\test\test_main.cpp">
      <Filter>opencv_xfeatures2d\Src</Filter>
    </ClCompile>
    <ClCompile Include="D:\Opencv\4.10.0\opencv_contrib-4.10.0\modules\xfeatures2d\test\test_rotation_and_scale_invariance.cpp">
      <Filter>opencv_xfeatures2d\Src</Filter>
    </ClCompile>
    <ClCompile Include="D:\Opencv\4.10.0\opencv_contrib-4.10.0\modules\xfeatures2d\test\test_surf.cuda.cpp">
      <Filter>opencv_xfeatures2d\Src</Filter>
    </ClCompile>
    <ClCompile Include="D:\Opencv\4.10.0\opencv_contrib-4.10.0\modules\xfeatures2d\test\test_surf.ocl.cpp">
      <Filter>opencv_xfeatures2d\Src</Filter>
    </ClCompile>
  </ItemGroup>
  <ItemGroup>
    <ClInclude Include="D:\Opencv\4.10.0\opencv_contrib-4.10.0\modules\xfeatures2d\test\test_precomp.hpp">
      <Filter>opencv_xfeatures2d\Include</Filter>
    </ClInclude>
  </ItemGroup>
  <ItemGroup>
    <CustomBuild Include="D:\Opencv\4.10.0\opencv-4.10.0\modules\world\CMakeLists.txt" />
  </ItemGroup>
  <ItemGroup>
    <Filter Include="opencv_xfeatures2d">
      <UniqueIdentifier>{3E3E8B7C-0526-367C-98E8-8618FA540363}</UniqueIdentifier>
    </Filter>
    <Filter Include="opencv_xfeatures2d\Include">
      <UniqueIdentifier>{A2CBBEDC-3032-3CD1-84FE-5079F0854E86}</UniqueIdentifier>
    </Filter>
    <Filter Include="opencv_xfeatures2d\Src">
      <UniqueIdentifier>{CC3AC99B-467C-3834-9DEA-F0886E04E368}</UniqueIdentifier>
    </Filter>
  </ItemGroup>
</Project>
