<?xml version="1.0" encoding="utf-8"?>
<Project ToolsVersion="17.0" xmlns="http://schemas.microsoft.com/developer/msbuild/2003">
  <ItemGroup>
    <ClCompile Include="D:\Opencv\4.10.0\opencv_contrib-4.10.0\modules\cudacodec\perf\perf_main.cpp">
      <Filter>opencv_cudacodec\Src</Filter>
    </ClCompile>
    <ClCompile Include="D:\Opencv\4.10.0\opencv_contrib-4.10.0\modules\cudacodec\perf\perf_video.cpp">
      <Filter>opencv_cudacodec\Src</Filter>
    </ClCompile>
  </ItemGroup>
  <ItemGroup>
    <ClInclude Include="D:\Opencv\4.10.0\opencv_contrib-4.10.0\modules\cudacodec\perf\perf_precomp.hpp">
      <Filter>opencv_cudacodec\Include</Filter>
    </ClInclude>
  </ItemGroup>
  <ItemGroup>
    <Filter Include="opencv_cudacodec">
      <UniqueIdentifier>{057AD3D5-C31C-382D-9B2D-1BE6711B51EC}</UniqueIdentifier>
    </Filter>
    <Filter Include="opencv_cudacodec\Include">
      <UniqueIdentifier>{58CF1142-88DC-308F-BC01-766851F55D8B}</UniqueIdentifier>
    </Filter>
    <Filter Include="opencv_cudacodec\Src">
      <UniqueIdentifier>{66BD24F8-DF3D-3619-86DA-1C9333E397E2}</UniqueIdentifier>
    </Filter>
  </ItemGroup>
</Project>
