<?xml version="1.0" encoding="utf-8"?>
<Project ToolsVersion="17.0" xmlns="http://schemas.microsoft.com/developer/msbuild/2003">
  <ItemGroup>
    <ClCompile Include="D:\Opencv\4.10.0\opencv_contrib-4.10.0\modules\fuzzy\test\test_f0.cpp">
      <Filter>opencv_fuzzy\Src</Filter>
    </ClCompile>
    <ClCompile Include="D:\Opencv\4.10.0\opencv_contrib-4.10.0\modules\fuzzy\test\test_f1.cpp">
      <Filter>opencv_fuzzy\Src</Filter>
    </ClCompile>
    <ClCompile Include="D:\Opencv\4.10.0\opencv_contrib-4.10.0\modules\fuzzy\test\test_image.cpp">
      <Filter>opencv_fuzzy\Src</Filter>
    </ClCompile>
    <ClCompile Include="D:\Opencv\4.10.0\opencv_contrib-4.10.0\modules\fuzzy\test\test_main.cpp">
      <Filter>opencv_fuzzy\Src</Filter>
    </ClCompile>
  </ItemGroup>
  <ItemGroup>
    <ClInclude Include="D:\Opencv\4.10.0\opencv_contrib-4.10.0\modules\fuzzy\test\test_precomp.hpp">
      <Filter>opencv_fuzzy\Include</Filter>
    </ClInclude>
  </ItemGroup>
  <ItemGroup>
    <CustomBuild Include="D:\Opencv\4.10.0\opencv-4.10.0\modules\world\CMakeLists.txt" />
  </ItemGroup>
  <ItemGroup>
    <Filter Include="opencv_fuzzy">
      <UniqueIdentifier>{F6D37B59-A47C-3C78-92BA-AF020A0A1123}</UniqueIdentifier>
    </Filter>
    <Filter Include="opencv_fuzzy\Include">
      <UniqueIdentifier>{F633CB48-D3C0-34BC-9FF5-FB824E66244C}</UniqueIdentifier>
    </Filter>
    <Filter Include="opencv_fuzzy\Src">
      <UniqueIdentifier>{A0BDE95E-2DC4-31C6-8298-7A39E3CB6EDC}</UniqueIdentifier>
    </Filter>
  </ItemGroup>
</Project>
