<?xml version="1.0" encoding="utf-8"?>
<Project ToolsVersion="17.0" xmlns="http://schemas.microsoft.com/developer/msbuild/2003">
  <ItemGroup>
    <ClCompile Include="D:\Opencv\4.10.0\opencv_contrib-4.10.0\modules\cudaarithm\test\test_arithm.cpp">
      <Filter>opencv_cudaarithm\Src</Filter>
    </ClCompile>
    <ClCompile Include="D:\Opencv\4.10.0\opencv_contrib-4.10.0\modules\cudaarithm\test\test_buffer_pool.cpp">
      <Filter>opencv_cudaarithm\Src</Filter>
    </ClCompile>
    <ClCompile Include="D:\Opencv\4.10.0\opencv_contrib-4.10.0\modules\cudaarithm\test\test_core.cpp">
      <Filter>opencv_cudaarithm\Src</Filter>
    </ClCompile>
    <ClCompile Include="D:\Opencv\4.10.0\opencv_contrib-4.10.0\modules\cudaarithm\test\test_element_operations.cpp">
      <Filter>opencv_cudaarithm\Src</Filter>
    </ClCompile>
    <ClCompile Include="D:\Opencv\4.10.0\opencv_contrib-4.10.0\modules\cudaarithm\test\test_event.cpp">
      <Filter>opencv_cudaarithm\Src</Filter>
    </ClCompile>
    <ClCompile Include="D:\Opencv\4.10.0\opencv_contrib-4.10.0\modules\cudaarithm\test\test_gpumat.cpp">
      <Filter>opencv_cudaarithm\Src</Filter>
    </ClCompile>
    <ClCompile Include="D:\Opencv\4.10.0\opencv_contrib-4.10.0\modules\cudaarithm\test\test_main.cpp">
      <Filter>opencv_cudaarithm\Src</Filter>
    </ClCompile>
    <ClCompile Include="D:\Opencv\4.10.0\opencv_contrib-4.10.0\modules\cudaarithm\test\test_opengl.cpp">
      <Filter>opencv_cudaarithm\Src</Filter>
    </ClCompile>
    <ClCompile Include="D:\Opencv\4.10.0\opencv_contrib-4.10.0\modules\cudaarithm\test\test_reductions.cpp">
      <Filter>opencv_cudaarithm\Src</Filter>
    </ClCompile>
    <ClCompile Include="D:\Opencv\4.10.0\opencv_contrib-4.10.0\modules\cudaarithm\test\test_stream.cpp">
      <Filter>opencv_cudaarithm\Src</Filter>
    </ClCompile>
  </ItemGroup>
  <ItemGroup>
    <ClInclude Include="D:\Opencv\4.10.0\opencv_contrib-4.10.0\modules\cudaarithm\test\test_precomp.hpp">
      <Filter>opencv_cudaarithm\Include</Filter>
    </ClInclude>
  </ItemGroup>
  <ItemGroup>
    <Filter Include="opencv_cudaarithm">
      <UniqueIdentifier>{8536E5D6-3D05-3C13-804D-F605D4CE9057}</UniqueIdentifier>
    </Filter>
    <Filter Include="opencv_cudaarithm\Include">
      <UniqueIdentifier>{270A6268-7E43-30F8-9508-0C47E07FE9A7}</UniqueIdentifier>
    </Filter>
    <Filter Include="opencv_cudaarithm\Src">
      <UniqueIdentifier>{FA7E873B-66CA-36B0-BAC3-0C4D35A7E6B8}</UniqueIdentifier>
    </Filter>
  </ItemGroup>
</Project>
