<?xml version="1.0" encoding="utf-8"?>
<Project ToolsVersion="17.0" xmlns="http://schemas.microsoft.com/developer/msbuild/2003">
  <ItemGroup>
    <ClCompile Include="D:\Opencv\4.10.0\opencv-4.10.0\modules\gapi\perf\common\gapi_core_perf_tests.cpp">
      <Filter>opencv_gapi\Src\common</Filter>
    </ClCompile>
    <ClCompile Include="D:\Opencv\4.10.0\opencv-4.10.0\modules\gapi\perf\common\gapi_imgproc_perf_tests.cpp">
      <Filter>opencv_gapi\Src\common</Filter>
    </ClCompile>
    <ClCompile Include="D:\Opencv\4.10.0\opencv-4.10.0\modules\gapi\perf\common\gapi_render_perf_tests.cpp">
      <Filter>opencv_gapi\Src\common</Filter>
    </ClCompile>
    <ClCompile Include="D:\Opencv\4.10.0\opencv-4.10.0\modules\gapi\perf\common\gapi_video_perf_tests.cpp">
      <Filter>opencv_gapi\Src\common</Filter>
    </ClCompile>
    <ClCompile Include="D:\Opencv\4.10.0\opencv-4.10.0\modules\gapi\perf\cpu\gapi_core_perf_tests_cpu.cpp">
      <Filter>opencv_gapi\Src\cpu</Filter>
    </ClCompile>
    <ClCompile Include="D:\Opencv\4.10.0\opencv-4.10.0\modules\gapi\perf\cpu\gapi_core_perf_tests_fluid.cpp">
      <Filter>opencv_gapi\Src\cpu</Filter>
    </ClCompile>
    <ClCompile Include="D:\Opencv\4.10.0\opencv-4.10.0\modules\gapi\perf\cpu\gapi_imgproc_perf_tests_cpu.cpp">
      <Filter>opencv_gapi\Src\cpu</Filter>
    </ClCompile>
    <ClCompile Include="D:\Opencv\4.10.0\opencv-4.10.0\modules\gapi\perf\cpu\gapi_imgproc_perf_tests_fluid.cpp">
      <Filter>opencv_gapi\Src\cpu</Filter>
    </ClCompile>
    <ClCompile Include="D:\Opencv\4.10.0\opencv-4.10.0\modules\gapi\perf\cpu\gapi_video_perf_tests_cpu.cpp">
      <Filter>opencv_gapi\Src\cpu</Filter>
    </ClCompile>
    <ClCompile Include="D:\Opencv\4.10.0\opencv-4.10.0\modules\gapi\perf\gpu\gapi_core_perf_tests_gpu.cpp">
      <Filter>opencv_gapi\Src\gpu</Filter>
    </ClCompile>
    <ClCompile Include="D:\Opencv\4.10.0\opencv-4.10.0\modules\gapi\perf\gpu\gapi_imgproc_perf_tests_gpu.cpp">
      <Filter>opencv_gapi\Src\gpu</Filter>
    </ClCompile>
    <ClCompile Include="D:\Opencv\4.10.0\opencv-4.10.0\modules\gapi\perf\internal\gapi_compiler_perf_tests.cpp">
      <Filter>opencv_gapi\Src\internal</Filter>
    </ClCompile>
    <ClCompile Include="D:\Opencv\4.10.0\opencv-4.10.0\modules\gapi\perf\perf_bench.cpp">
      <Filter>opencv_gapi\Src</Filter>
    </ClCompile>
    <ClCompile Include="D:\Opencv\4.10.0\opencv-4.10.0\modules\gapi\perf\perf_main.cpp">
      <Filter>opencv_gapi\Src</Filter>
    </ClCompile>
    <ClCompile Include="D:\Opencv\4.10.0\opencv-4.10.0\modules\gapi\perf\render\gapi_render_perf_tests_ocv.cpp">
      <Filter>opencv_gapi\Src\render</Filter>
    </ClCompile>
    <ClCompile Include="D:\Opencv\4.10.0\opencv-4.10.0\modules\gapi\perf\streaming\gapi_streaming_source_perf_tests.cpp">
      <Filter>opencv_gapi\Src\streaming</Filter>
    </ClCompile>
  </ItemGroup>
  <ItemGroup>
    <ClInclude Include="D:\Opencv\4.10.0\opencv-4.10.0\modules\gapi\perf\common\gapi_core_perf_tests.hpp">
      <Filter>opencv_gapi\Include\common</Filter>
    </ClInclude>
    <ClInclude Include="D:\Opencv\4.10.0\opencv-4.10.0\modules\gapi\perf\common\gapi_core_perf_tests_inl.hpp">
      <Filter>opencv_gapi\Include\common</Filter>
    </ClInclude>
    <ClInclude Include="D:\Opencv\4.10.0\opencv-4.10.0\modules\gapi\perf\common\gapi_imgproc_perf_tests.hpp">
      <Filter>opencv_gapi\Include\common</Filter>
    </ClInclude>
    <ClInclude Include="D:\Opencv\4.10.0\opencv-4.10.0\modules\gapi\perf\common\gapi_imgproc_perf_tests_inl.hpp">
      <Filter>opencv_gapi\Include\common</Filter>
    </ClInclude>
    <ClInclude Include="D:\Opencv\4.10.0\opencv-4.10.0\modules\gapi\perf\common\gapi_render_perf_tests.hpp">
      <Filter>opencv_gapi\Include\common</Filter>
    </ClInclude>
    <ClInclude Include="D:\Opencv\4.10.0\opencv-4.10.0\modules\gapi\perf\common\gapi_render_perf_tests_inl.hpp">
      <Filter>opencv_gapi\Include\common</Filter>
    </ClInclude>
    <ClInclude Include="D:\Opencv\4.10.0\opencv-4.10.0\modules\gapi\perf\common\gapi_video_perf_tests.hpp">
      <Filter>opencv_gapi\Include\common</Filter>
    </ClInclude>
    <ClInclude Include="D:\Opencv\4.10.0\opencv-4.10.0\modules\gapi\perf\common\gapi_video_perf_tests_inl.hpp">
      <Filter>opencv_gapi\Include\common</Filter>
    </ClInclude>
    <ClInclude Include="D:\Opencv\4.10.0\opencv-4.10.0\modules\gapi\perf\perf_precomp.hpp">
      <Filter>opencv_gapi\Include</Filter>
    </ClInclude>
  </ItemGroup>
  <ItemGroup>
    <CustomBuild Include="D:\Opencv\4.10.0\opencv-4.10.0\modules\world\CMakeLists.txt" />
  </ItemGroup>
  <ItemGroup>
    <Filter Include="opencv_gapi">
      <UniqueIdentifier>{8BEF3EA0-DD13-3898-82E0-8468BF35EF32}</UniqueIdentifier>
    </Filter>
    <Filter Include="opencv_gapi\Include">
      <UniqueIdentifier>{5FAAE6EE-7FB6-3867-AF19-8359CE10627B}</UniqueIdentifier>
    </Filter>
    <Filter Include="opencv_gapi\Include\common">
      <UniqueIdentifier>{C3D2A1E9-FDD5-37D2-9394-2A56ACB9BF29}</UniqueIdentifier>
    </Filter>
    <Filter Include="opencv_gapi\Src">
      <UniqueIdentifier>{6851A987-E469-3F0A-A53F-D76ACDD45B91}</UniqueIdentifier>
    </Filter>
    <Filter Include="opencv_gapi\Src\common">
      <UniqueIdentifier>{5A13895A-68FD-3A40-9125-995F4FDF6761}</UniqueIdentifier>
    </Filter>
    <Filter Include="opencv_gapi\Src\cpu">
      <UniqueIdentifier>{613FB4BD-F4AF-3D30-B310-CDD60D5D203A}</UniqueIdentifier>
    </Filter>
    <Filter Include="opencv_gapi\Src\gpu">
      <UniqueIdentifier>{C4EE845C-1530-3E0F-A5DC-C3DB10E2EEB5}</UniqueIdentifier>
    </Filter>
    <Filter Include="opencv_gapi\Src\internal">
      <UniqueIdentifier>{E29E7D04-77FE-367E-93FE-87E8E82115C3}</UniqueIdentifier>
    </Filter>
    <Filter Include="opencv_gapi\Src\render">
      <UniqueIdentifier>{D8294815-652D-39D6-B407-1A5C457F6060}</UniqueIdentifier>
    </Filter>
    <Filter Include="opencv_gapi\Src\streaming">
      <UniqueIdentifier>{4F991DF3-E444-3864-9A75-E7341015F8C7}</UniqueIdentifier>
    </Filter>
  </ItemGroup>
</Project>
