<?xml version="1.0" encoding="utf-8"?>
<Project ToolsVersion="17.0" xmlns="http://schemas.microsoft.com/developer/msbuild/2003">
  <ItemGroup>
    <ClCompile Include="D:\Opencv\4.10.0\opencv_contrib-4.10.0\modules\rgbd\test\ocl\test_tsdf.cpp">
      <Filter>opencv_rgbd\Src\ocl</Filter>
    </ClCompile>
    <ClCompile Include="D:\Opencv\4.10.0\opencv_contrib-4.10.0\modules\rgbd\test\test_colored_kinfu.cpp">
      <Filter>opencv_rgbd\Src</Filter>
    </ClCompile>
    <ClCompile Include="D:\Opencv\4.10.0\opencv_contrib-4.10.0\modules\rgbd\test\test_dynafu.cpp">
      <Filter>opencv_rgbd\Src</Filter>
    </ClCompile>
    <ClCompile Include="D:\Opencv\4.10.0\opencv_contrib-4.10.0\modules\rgbd\test\test_kinfu.cpp">
      <Filter>opencv_rgbd\Src</Filter>
    </ClCompile>
    <ClCompile Include="D:\Opencv\4.10.0\opencv_contrib-4.10.0\modules\rgbd\test\test_main.cpp">
      <Filter>opencv_rgbd\Src</Filter>
    </ClCompile>
    <ClCompile Include="D:\Opencv\4.10.0\opencv_contrib-4.10.0\modules\rgbd\test\test_normal.cpp">
      <Filter>opencv_rgbd\Src</Filter>
    </ClCompile>
    <ClCompile Include="D:\Opencv\4.10.0\opencv_contrib-4.10.0\modules\rgbd\test\test_odometry.cpp">
      <Filter>opencv_rgbd\Src</Filter>
    </ClCompile>
    <ClCompile Include="D:\Opencv\4.10.0\opencv_contrib-4.10.0\modules\rgbd\test\test_pose_graph.cpp">
      <Filter>opencv_rgbd\Src</Filter>
    </ClCompile>
    <ClCompile Include="D:\Opencv\4.10.0\opencv_contrib-4.10.0\modules\rgbd\test\test_registration.cpp">
      <Filter>opencv_rgbd\Src</Filter>
    </ClCompile>
    <ClCompile Include="D:\Opencv\4.10.0\opencv_contrib-4.10.0\modules\rgbd\test\test_tsdf.cpp">
      <Filter>opencv_rgbd\Src</Filter>
    </ClCompile>
    <ClCompile Include="D:\Opencv\4.10.0\opencv_contrib-4.10.0\modules\rgbd\test\test_utils.cpp">
      <Filter>opencv_rgbd\Src</Filter>
    </ClCompile>
  </ItemGroup>
  <ItemGroup>
    <ClInclude Include="D:\Opencv\4.10.0\opencv_contrib-4.10.0\modules\rgbd\test\test_precomp.hpp">
      <Filter>opencv_rgbd\Include</Filter>
    </ClInclude>
  </ItemGroup>
  <ItemGroup>
    <CustomBuild Include="D:\Opencv\4.10.0\opencv-4.10.0\modules\world\CMakeLists.txt" />
  </ItemGroup>
  <ItemGroup>
    <Filter Include="opencv_rgbd">
      <UniqueIdentifier>{05B9CDFC-3291-3F6A-ADAE-87DD28948297}</UniqueIdentifier>
    </Filter>
    <Filter Include="opencv_rgbd\Include">
      <UniqueIdentifier>{AE31673B-2BE7-3A04-81D4-2C1198512C2D}</UniqueIdentifier>
    </Filter>
    <Filter Include="opencv_rgbd\Src">
      <UniqueIdentifier>{86D6C94C-7ED6-3B57-8D6D-40C27EB5B929}</UniqueIdentifier>
    </Filter>
    <Filter Include="opencv_rgbd\Src\ocl">
      <UniqueIdentifier>{35CEABA9-41FA-3668-A5D5-AE454516D940}</UniqueIdentifier>
    </Filter>
  </ItemGroup>
</Project>
