<?xml version="1.0" encoding="utf-8"?>
<Project ToolsVersion="17.0" xmlns="http://schemas.microsoft.com/developer/msbuild/2003">
  <ItemGroup>
    <ClCompile Include="D:\Opencv\4.10.0\build\modules\world\mathfuncs_core.avx.cpp">
      <Filter>Source Files</Filter>
    </ClCompile>
    <ClCompile Include="D:\Opencv\4.10.0\opencv-4.10.0\modules\imgproc\src\corner.avx.cpp">
      <Filter>opencv_imgproc\Src</Filter>
    </ClCompile>
    <ClCompile Include="D:\Opencv\4.10.0\build\modules\world\accum.avx.cpp">
      <Filter>Source Files</Filter>
    </ClCompile>
    <ClCompile Include="D:\Opencv\4.10.0\build\modules\world\layers\layers_common.avx.cpp">
      <Filter>Source Files</Filter>
    </ClCompile>
    <ClCompile Include="D:\Opencv\4.10.0\build\modules\world\layers\cpu_kernels\conv_block.avx.cpp">
      <Filter>Source Files</Filter>
    </ClCompile>
    <ClCompile Include="D:\Opencv\4.10.0\build\modules\world\layers\cpu_kernels\conv_depthwise.avx.cpp">
      <Filter>Source Files</Filter>
    </ClCompile>
    <ClCompile Include="D:\Opencv\4.10.0\build\modules\world\layers\cpu_kernels\conv_winograd_f63.avx.cpp">
      <Filter>Source Files</Filter>
    </ClCompile>
    <ClCompile Include="D:\Opencv\4.10.0\build\modules\world\layers\cpu_kernels\fast_gemm_kernels.avx.cpp">
      <Filter>Source Files</Filter>
    </ClCompile>
  </ItemGroup>
  <ItemGroup>
    <CustomBuild Include="D:\Opencv\4.10.0\opencv-4.10.0\modules\world\CMakeLists.txt" />
  </ItemGroup>
  <ItemGroup>
    <Filter Include="Source Files">
      <UniqueIdentifier>{6E991933-4C77-317E-81D5-4FD760DAEF8E}</UniqueIdentifier>
    </Filter>
    <Filter Include="opencv_imgproc">
      <UniqueIdentifier>{DB92543B-14FB-3DAE-9CBC-58183403C7D4}</UniqueIdentifier>
    </Filter>
    <Filter Include="opencv_imgproc\Src">
      <UniqueIdentifier>{BFA902C2-3C9D-3D5E-89AD-CA196A3CB17A}</UniqueIdentifier>
    </Filter>
  </ItemGroup>
</Project>
