<?xml version="1.0" encoding="utf-8"?>
<Project ToolsVersion="17.0" xmlns="http://schemas.microsoft.com/developer/msbuild/2003">
  <ItemGroup>
    <ClCompile Include="D:\Opencv\4.10.0\opencv_contrib-4.10.0\modules\reg\perf\perf_main.cpp">
      <Filter>opencv_reg\Src</Filter>
    </ClCompile>
    <ClCompile Include="D:\Opencv\4.10.0\opencv_contrib-4.10.0\modules\reg\perf\perf_reg.cpp">
      <Filter>opencv_reg\Src</Filter>
    </ClCompile>
  </ItemGroup>
  <ItemGroup>
    <ClInclude Include="D:\Opencv\4.10.0\opencv_contrib-4.10.0\modules\reg\perf\perf_precomp.hpp">
      <Filter>opencv_reg\Include</Filter>
    </ClInclude>
  </ItemGroup>
  <ItemGroup>
    <CustomBuild Include="D:\Opencv\4.10.0\opencv-4.10.0\modules\world\CMakeLists.txt" />
  </ItemGroup>
  <ItemGroup>
    <Filter Include="opencv_reg">
      <UniqueIdentifier>{7FB184EE-5CBC-3B5F-A4DA-6C0B74E0477C}</UniqueIdentifier>
    </Filter>
    <Filter Include="opencv_reg\Include">
      <UniqueIdentifier>{BA064096-E821-32E8-AE05-1AE4D406DA44}</UniqueIdentifier>
    </Filter>
    <Filter Include="opencv_reg\Src">
      <UniqueIdentifier>{84DD03E3-170C-394F-90EC-DCD829D8C2E9}</UniqueIdentifier>
    </Filter>
  </ItemGroup>
</Project>
