<?xml version="1.0" encoding="utf-8"?>
<Project ToolsVersion="17.0" xmlns="http://schemas.microsoft.com/developer/msbuild/2003">
  <ItemGroup>
    <ClCompile Include="D:\Opencv\4.10.0\opencv-4.10.0\modules\ml\test\test_ann.cpp">
      <Filter>opencv_ml\Src</Filter>
    </ClCompile>
    <ClCompile Include="D:\Opencv\4.10.0\opencv-4.10.0\modules\ml\test\test_bayes.cpp">
      <Filter>opencv_ml\Src</Filter>
    </ClCompile>
    <ClCompile Include="D:\Opencv\4.10.0\opencv-4.10.0\modules\ml\test\test_em.cpp">
      <Filter>opencv_ml\Src</Filter>
    </ClCompile>
    <ClCompile Include="D:\Opencv\4.10.0\opencv-4.10.0\modules\ml\test\test_kmeans.cpp">
      <Filter>opencv_ml\Src</Filter>
    </ClCompile>
    <ClCompile Include="D:\Opencv\4.10.0\opencv-4.10.0\modules\ml\test\test_knearest.cpp">
      <Filter>opencv_ml\Src</Filter>
    </ClCompile>
    <ClCompile Include="D:\Opencv\4.10.0\opencv-4.10.0\modules\ml\test\test_lr.cpp">
      <Filter>opencv_ml\Src</Filter>
    </ClCompile>
    <ClCompile Include="D:\Opencv\4.10.0\opencv-4.10.0\modules\ml\test\test_main.cpp">
      <Filter>opencv_ml\Src</Filter>
    </ClCompile>
    <ClCompile Include="D:\Opencv\4.10.0\opencv-4.10.0\modules\ml\test\test_mltests.cpp">
      <Filter>opencv_ml\Src</Filter>
    </ClCompile>
    <ClCompile Include="D:\Opencv\4.10.0\opencv-4.10.0\modules\ml\test\test_rtrees.cpp">
      <Filter>opencv_ml\Src</Filter>
    </ClCompile>
    <ClCompile Include="D:\Opencv\4.10.0\opencv-4.10.0\modules\ml\test\test_save_load.cpp">
      <Filter>opencv_ml\Src</Filter>
    </ClCompile>
    <ClCompile Include="D:\Opencv\4.10.0\opencv-4.10.0\modules\ml\test\test_svmsgd.cpp">
      <Filter>opencv_ml\Src</Filter>
    </ClCompile>
    <ClCompile Include="D:\Opencv\4.10.0\opencv-4.10.0\modules\ml\test\test_svmtrainauto.cpp">
      <Filter>opencv_ml\Src</Filter>
    </ClCompile>
    <ClCompile Include="D:\Opencv\4.10.0\opencv-4.10.0\modules\ml\test\test_utils.cpp">
      <Filter>opencv_ml\Src</Filter>
    </ClCompile>
  </ItemGroup>
  <ItemGroup>
    <ClInclude Include="D:\Opencv\4.10.0\opencv-4.10.0\modules\ml\test\test_precomp.hpp">
      <Filter>opencv_ml\Include</Filter>
    </ClInclude>
  </ItemGroup>
  <ItemGroup>
    <CustomBuild Include="D:\Opencv\4.10.0\opencv-4.10.0\modules\world\CMakeLists.txt" />
  </ItemGroup>
  <ItemGroup>
    <Filter Include="opencv_ml">
      <UniqueIdentifier>{6D38ED34-926E-3540-943D-DAD0DF99E0C6}</UniqueIdentifier>
    </Filter>
    <Filter Include="opencv_ml\Include">
      <UniqueIdentifier>{8FD782B3-EBAC-356E-B1C4-8739C593E26A}</UniqueIdentifier>
    </Filter>
    <Filter Include="opencv_ml\Src">
      <UniqueIdentifier>{07306CBD-3E71-3510-9167-4A1FA9F923E8}</UniqueIdentifier>
    </Filter>
  </ItemGroup>
</Project>
