<?xml version="1.0" encoding="utf-8"?>
<Project ToolsVersion="17.0" xmlns="http://schemas.microsoft.com/developer/msbuild/2003">
  <ItemGroup>
    <ClCompile Include="D:\Opencv\4.10.0\opencv_contrib-4.10.0\modules\videostab\test\test_main.cpp">
      <Filter>opencv_videostab\Src</Filter>
    </ClCompile>
    <ClCompile Include="D:\Opencv\4.10.0\opencv_contrib-4.10.0\modules\videostab\test\test_motion_estimation.cpp">
      <Filter>opencv_videostab\Src</Filter>
    </ClCompile>
    <ClCompile Include="D:\Opencv\4.10.0\opencv_contrib-4.10.0\modules\videostab\test\test_stabilizer.cpp">
      <Filter>opencv_videostab\Src</Filter>
    </ClCompile>
  </ItemGroup>
  <ItemGroup>
    <ClInclude Include="D:\Opencv\4.10.0\opencv_contrib-4.10.0\modules\videostab\test\test_precomp.hpp">
      <Filter>opencv_videostab\Include</Filter>
    </ClInclude>
  </ItemGroup>
  <ItemGroup>
    <CustomBuild Include="D:\Opencv\4.10.0\opencv-4.10.0\modules\world\CMakeLists.txt" />
  </ItemGroup>
  <ItemGroup>
    <Filter Include="opencv_videostab">
      <UniqueIdentifier>{504A0A4E-DB0E-313E-9C28-D4F7C601A8BA}</UniqueIdentifier>
    </Filter>
    <Filter Include="opencv_videostab\Include">
      <UniqueIdentifier>{63EA24CD-29CD-3544-9451-0E623967493E}</UniqueIdentifier>
    </Filter>
    <Filter Include="opencv_videostab\Src">
      <UniqueIdentifier>{282980EF-B95E-3D8D-B06C-27E52D505289}</UniqueIdentifier>
    </Filter>
  </ItemGroup>
</Project>
