<?xml version="1.0" encoding="utf-8"?>
<Project ToolsVersion="17.0" xmlns="http://schemas.microsoft.com/developer/msbuild/2003">
  <ItemGroup>
    <ClCompile Include="D:\Opencv\4.10.0\opencv-4.10.0\modules\photo\perf\opencl\perf_denoising.cpp">
      <Filter>opencv_photo\Src\opencl</Filter>
    </ClCompile>
    <ClCompile Include="D:\Opencv\4.10.0\opencv-4.10.0\modules\photo\perf\perf_cuda.cpp">
      <Filter>opencv_photo\Src</Filter>
    </ClCompile>
    <ClCompile Include="D:\Opencv\4.10.0\opencv-4.10.0\modules\photo\perf\perf_hdr.cpp">
      <Filter>opencv_photo\Src</Filter>
    </ClCompile>
    <ClCompile Include="D:\Opencv\4.10.0\opencv-4.10.0\modules\photo\perf\perf_inpaint.cpp">
      <Filter>opencv_photo\Src</Filter>
    </ClCompile>
    <ClCompile Include="D:\Opencv\4.10.0\opencv-4.10.0\modules\photo\perf\perf_main.cpp">
      <Filter>opencv_photo\Src</Filter>
    </ClCompile>
  </ItemGroup>
  <ItemGroup>
    <ClInclude Include="D:\Opencv\4.10.0\opencv-4.10.0\modules\photo\perf\perf_precomp.hpp">
      <Filter>opencv_photo\Include</Filter>
    </ClInclude>
  </ItemGroup>
  <ItemGroup>
    <CustomBuild Include="D:\Opencv\4.10.0\opencv-4.10.0\modules\world\CMakeLists.txt" />
  </ItemGroup>
  <ItemGroup>
    <Filter Include="opencv_photo">
      <UniqueIdentifier>{A372186D-A544-3A3D-8A2E-45C839E62452}</UniqueIdentifier>
    </Filter>
    <Filter Include="opencv_photo\Include">
      <UniqueIdentifier>{BFE63C6F-EA9D-393A-92BE-585F9998851C}</UniqueIdentifier>
    </Filter>
    <Filter Include="opencv_photo\Src">
      <UniqueIdentifier>{9A1F066D-33ED-347A-A513-2F95C379AB2F}</UniqueIdentifier>
    </Filter>
    <Filter Include="opencv_photo\Src\opencl">
      <UniqueIdentifier>{13C84EE9-7285-3F66-96EB-556CF55685E9}</UniqueIdentifier>
    </Filter>
  </ItemGroup>
</Project>
