<?xml version="1.0" encoding="utf-8"?>
<Project ToolsVersion="17.0" xmlns="http://schemas.microsoft.com/developer/msbuild/2003">
  <ItemGroup>
    <ClCompile Include="D:\Opencv\4.10.0\opencv_contrib-4.10.0\modules\saliency\test\test_main.cpp">
      <Filter>opencv_saliency\Src</Filter>
    </ClCompile>
    <ClCompile Include="D:\Opencv\4.10.0\opencv_contrib-4.10.0\modules\saliency\test\test_static_saliency_spectral_residual.cpp">
      <Filter>opencv_saliency\Src</Filter>
    </ClCompile>
  </ItemGroup>
  <ItemGroup>
    <ClInclude Include="D:\Opencv\4.10.0\opencv_contrib-4.10.0\modules\saliency\test\test_precomp.hpp">
      <Filter>opencv_saliency\Include</Filter>
    </ClInclude>
  </ItemGroup>
  <ItemGroup>
    <CustomBuild Include="D:\Opencv\4.10.0\opencv-4.10.0\modules\world\CMakeLists.txt" />
  </ItemGroup>
  <ItemGroup>
    <Filter Include="opencv_saliency">
      <UniqueIdentifier>{61DEC5A0-A699-324B-A267-8ACC12BD88A8}</UniqueIdentifier>
    </Filter>
    <Filter Include="opencv_saliency\Include">
      <UniqueIdentifier>{0335243A-1AD8-300F-B8E8-202FD3CD3B8E}</UniqueIdentifier>
    </Filter>
    <Filter Include="opencv_saliency\Src">
      <UniqueIdentifier>{8A25096F-405C-37EB-85A0-B9612D08C37C}</UniqueIdentifier>
    </Filter>
  </ItemGroup>
</Project>
