<?xml version="1.0" encoding="utf-8"?>
<Project ToolsVersion="17.0" xmlns="http://schemas.microsoft.com/developer/msbuild/2003">
  <ItemGroup>
    <ClCompile Include="D:\Opencv\4.10.0\opencv_contrib-4.10.0\modules\structured_light\test\test_faps.cpp">
      <Filter>opencv_structured_light\Src</Filter>
    </ClCompile>
    <ClCompile Include="D:\Opencv\4.10.0\opencv_contrib-4.10.0\modules\structured_light\test\test_getProjPixel.cpp">
      <Filter>opencv_structured_light\Src</Filter>
    </ClCompile>
    <ClCompile Include="D:\Opencv\4.10.0\opencv_contrib-4.10.0\modules\structured_light\test\test_main.cpp">
      <Filter>opencv_structured_light\Src</Filter>
    </ClCompile>
    <ClCompile Include="D:\Opencv\4.10.0\opencv_contrib-4.10.0\modules\structured_light\test\test_plane.cpp">
      <Filter>opencv_structured_light\Src</Filter>
    </ClCompile>
  </ItemGroup>
  <ItemGroup>
    <ClInclude Include="D:\Opencv\4.10.0\opencv_contrib-4.10.0\modules\structured_light\test\test_precomp.hpp">
      <Filter>opencv_structured_light\Include</Filter>
    </ClInclude>
  </ItemGroup>
  <ItemGroup>
    <CustomBuild Include="D:\Opencv\4.10.0\opencv-4.10.0\modules\world\CMakeLists.txt" />
  </ItemGroup>
  <ItemGroup>
    <Filter Include="opencv_structured_light">
      <UniqueIdentifier>{2D62EE54-8304-38B6-81AF-3403E50FDA69}</UniqueIdentifier>
    </Filter>
    <Filter Include="opencv_structured_light\Include">
      <UniqueIdentifier>{E85D5985-1B97-34F8-9CAF-D09E51F98CC1}</UniqueIdentifier>
    </Filter>
    <Filter Include="opencv_structured_light\Src">
      <UniqueIdentifier>{F9C26D9D-53CA-3152-A63A-7A9480A43A19}</UniqueIdentifier>
    </Filter>
  </ItemGroup>
</Project>
