
Microsoft Visual Studio Solution File, Format Version 12.00
# Visual Studio Version 17
Project("{2150E333-8FDC-42A3-9474-1A3956D46DE8}") = "3rdparty", "3rdparty", "{ECA43F88-5BB4-341D-85FC-202AA642D156}"
EndProject
Project("{2150E333-8FDC-42A3-9474-1A3956D46DE8}") = "jpeg", "3rdparty\jpeg", "{AA3B4257-DFDB-36F4-8867-3ECD533B403D}"
EndProject
Project("{2150E333-8FDC-42A3-9474-1A3956D46DE8}") = "CMakeTargets", "CMakeTargets", "{0B474C30-A659-3C44-ADFE-E648BA224062}"
EndProject
Project("{2150E333-8FDC-42A3-9474-1A3956D46DE8}") = "applications", "applications", "{3E17FE9D-E0AC-301E-A0D9-6EE5FD769923}"
EndProject
Project("{2150E333-8FDC-42A3-9474-1A3956D46DE8}") = "dispatched", "dispatched", "{34236360-59F5-3318-B992-35C55D5B2CE5}"
EndProject
Project("{2150E333-8FDC-42A3-9474-1A3956D46DE8}") = "modules", "modules", "{2FBD4140-AEEB-3BE8-AB3A-B1FF0B15D0C0}"
EndProject
Project("{8BC9CEB8-8B4A-11D0-8D11-00A0C91BC942}") = "ALL_BUILD", "ALL_BUILD.vcxproj", "{4969217E-C080-32D4-B122-2E041CB10583}"
	ProjectSection(ProjectDependencies) = postProject
		{985F4609-846D-372C-8EDB-E734AF78A44B} = {985F4609-846D-372C-8EDB-E734AF78A44B}
		{31C0DDBE-6B6A-3728-A1BD-8DA0937F2BFD} = {31C0DDBE-6B6A-3728-A1BD-8DA0937F2BFD}
	EndProjectSection
EndProject
Project("{8BC9CEB8-8B4A-11D0-8D11-00A0C91BC942}") = "INSTALL", "INSTALL.vcxproj", "{AA1DF96A-7459-345B-8E09-3E6BFB608951}"
	ProjectSection(ProjectDependencies) = postProject
		{4969217E-C080-32D4-B122-2E041CB10583} = {4969217E-C080-32D4-B122-2E041CB10583}
		{985F4609-846D-372C-8EDB-E734AF78A44B} = {985F4609-846D-372C-8EDB-E734AF78A44B}
	EndProjectSection
EndProject
Project("{8BC9CEB8-8B4A-11D0-8D11-00A0C91BC942}") = "IlmImf", "..\..\3rdparty\openexr\IlmImf.vcxproj", "{891524D4-7FEA-3E82-826B-E4B3D426894A}"
	ProjectSection(ProjectDependencies) = postProject
		{985F4609-846D-372C-8EDB-E734AF78A44B} = {985F4609-846D-372C-8EDB-E734AF78A44B}
		{356765AE-8B0A-3A42-9F50-1AD0403BA2B0} = {356765AE-8B0A-3A42-9F50-1AD0403BA2B0}
	EndProjectSection
EndProject
Project("{8BC9CEB8-8B4A-11D0-8D11-00A0C91BC942}") = "PACKAGE", "PACKAGE.vcxproj", "{9BE74F7B-F157-3361-A39B-C0CA5272CB30}"
	ProjectSection(ProjectDependencies) = postProject
		{4969217E-C080-32D4-B122-2E041CB10583} = {4969217E-C080-32D4-B122-2E041CB10583}
		{985F4609-846D-372C-8EDB-E734AF78A44B} = {985F4609-846D-372C-8EDB-E734AF78A44B}
	EndProjectSection
EndProject
Project("{8BC9CEB8-8B4A-11D0-8D11-00A0C91BC942}") = "RUN_TESTS", "RUN_TESTS.vcxproj", "{172A88D7-D630-3AD0-B18E-D170F0E1EE19}"
	ProjectSection(ProjectDependencies) = postProject
		{985F4609-846D-372C-8EDB-E734AF78A44B} = {985F4609-846D-372C-8EDB-E734AF78A44B}
	EndProjectSection
EndProject
Project("{8BC9CEB8-8B4A-11D0-8D11-00A0C91BC942}") = "ZERO_CHECK", "..\..\\ZERO_CHECK.vcxproj", "{985F4609-846D-372C-8EDB-E734AF78A44B}"
	ProjectSection(ProjectDependencies) = postProject
	EndProjectSection
EndProject
Project("{8BC9CEB8-8B4A-11D0-8D11-00A0C91BC942}") = "ade", "..\..\\ade.vcxproj", "{ADC0BA24-93F4-3355-ADCF-10009157FB36}"
	ProjectSection(ProjectDependencies) = postProject
		{985F4609-846D-372C-8EDB-E734AF78A44B} = {985F4609-846D-372C-8EDB-E734AF78A44B}
	EndProjectSection
EndProject
Project("{8BC9CEB8-8B4A-11D0-8D11-00A0C91BC942}") = "jpeg12-static", "..\..\3rdparty\libjpeg-turbo\jpeg12-static.vcxproj", "{4D20A2C8-7DC1-3F95-96B5-355ED7994A53}"
	ProjectSection(ProjectDependencies) = postProject
		{985F4609-846D-372C-8EDB-E734AF78A44B} = {985F4609-846D-372C-8EDB-E734AF78A44B}
	EndProjectSection
EndProject
Project("{8BC9CEB8-8B4A-11D0-8D11-00A0C91BC942}") = "jpeg16-static", "..\..\3rdparty\libjpeg-turbo\jpeg16-static.vcxproj", "{A8E7C654-58A5-3EB3-9A85-2CD657C9E12B}"
	ProjectSection(ProjectDependencies) = postProject
		{985F4609-846D-372C-8EDB-E734AF78A44B} = {985F4609-846D-372C-8EDB-E734AF78A44B}
	EndProjectSection
EndProject
Project("{8BC9CEB8-8B4A-11D0-8D11-00A0C91BC942}") = "libjpeg-turbo", "..\..\3rdparty\libjpeg-turbo\libjpeg-turbo.vcxproj", "{A36875B3-6884-3CD5-84FD-8278185D93F5}"
	ProjectSection(ProjectDependencies) = postProject
		{985F4609-846D-372C-8EDB-E734AF78A44B} = {985F4609-846D-372C-8EDB-E734AF78A44B}
		{4D20A2C8-7DC1-3F95-96B5-355ED7994A53} = {4D20A2C8-7DC1-3F95-96B5-355ED7994A53}
		{A8E7C654-58A5-3EB3-9A85-2CD657C9E12B} = {A8E7C654-58A5-3EB3-9A85-2CD657C9E12B}
	EndProjectSection
EndProject
Project("{8BC9CEB8-8B4A-11D0-8D11-00A0C91BC942}") = "libopenjp2", "..\..\3rdparty\openjpeg\openjp2\libopenjp2.vcxproj", "{317336A4-A006-3663-869C-A3AACB81CCBA}"
	ProjectSection(ProjectDependencies) = postProject
		{985F4609-846D-372C-8EDB-E734AF78A44B} = {985F4609-846D-372C-8EDB-E734AF78A44B}
	EndProjectSection
EndProject
Project("{8BC9CEB8-8B4A-11D0-8D11-00A0C91BC942}") = "libpng", "..\..\3rdparty\libpng\libpng.vcxproj", "{34699343-2DD3-3DB4-BCE2-DFE7F17502D1}"
	ProjectSection(ProjectDependencies) = postProject
		{985F4609-846D-372C-8EDB-E734AF78A44B} = {985F4609-846D-372C-8EDB-E734AF78A44B}
		{356765AE-8B0A-3A42-9F50-1AD0403BA2B0} = {356765AE-8B0A-3A42-9F50-1AD0403BA2B0}
	EndProjectSection
EndProject
Project("{8BC9CEB8-8B4A-11D0-8D11-00A0C91BC942}") = "libprotobuf", "..\..\3rdparty\protobuf\libprotobuf.vcxproj", "{4A639782-41C2-3381-A357-376C20002708}"
	ProjectSection(ProjectDependencies) = postProject
		{985F4609-846D-372C-8EDB-E734AF78A44B} = {985F4609-846D-372C-8EDB-E734AF78A44B}
	EndProjectSection
EndProject
Project("{8BC9CEB8-8B4A-11D0-8D11-00A0C91BC942}") = "libtiff", "..\..\3rdparty\libtiff\libtiff.vcxproj", "{0D9B142D-98CD-3E68-A2B1-4823E891C0B4}"
	ProjectSection(ProjectDependencies) = postProject
		{985F4609-846D-372C-8EDB-E734AF78A44B} = {985F4609-846D-372C-8EDB-E734AF78A44B}
		{356765AE-8B0A-3A42-9F50-1AD0403BA2B0} = {356765AE-8B0A-3A42-9F50-1AD0403BA2B0}
	EndProjectSection
EndProject
Project("{8BC9CEB8-8B4A-11D0-8D11-00A0C91BC942}") = "libwebp", "..\..\3rdparty\libwebp\libwebp.vcxproj", "{88A8CEB6-9FE3-3F3D-9B2E-76C4E8594BFD}"
	ProjectSection(ProjectDependencies) = postProject
		{985F4609-846D-372C-8EDB-E734AF78A44B} = {985F4609-846D-372C-8EDB-E734AF78A44B}
	EndProjectSection
EndProject
Project("{8BC9CEB8-8B4A-11D0-8D11-00A0C91BC942}") = "opencv_visualisation", "opencv_visualisation.vcxproj", "{31C0DDBE-6B6A-3728-A1BD-8DA0937F2BFD}"
	ProjectSection(ProjectDependencies) = postProject
		{985F4609-846D-372C-8EDB-E734AF78A44B} = {985F4609-846D-372C-8EDB-E734AF78A44B}
		{F00E6676-DE6E-3FE4-BB88-AB7D18F38351} = {F00E6676-DE6E-3FE4-BB88-AB7D18F38351}
	EndProjectSection
EndProject
Project("{8BC9CEB8-8B4A-11D0-8D11-00A0C91BC942}") = "opencv_world", "..\..\modules\world\opencv_world.vcxproj", "{F00E6676-DE6E-3FE4-BB88-AB7D18F38351}"
	ProjectSection(ProjectDependencies) = postProject
		{891524D4-7FEA-3E82-826B-E4B3D426894A} = {891524D4-7FEA-3E82-826B-E4B3D426894A}
		{985F4609-846D-372C-8EDB-E734AF78A44B} = {985F4609-846D-372C-8EDB-E734AF78A44B}
		{ADC0BA24-93F4-3355-ADCF-10009157FB36} = {ADC0BA24-93F4-3355-ADCF-10009157FB36}
		{A36875B3-6884-3CD5-84FD-8278185D93F5} = {A36875B3-6884-3CD5-84FD-8278185D93F5}
		{317336A4-A006-3663-869C-A3AACB81CCBA} = {317336A4-A006-3663-869C-A3AACB81CCBA}
		{34699343-2DD3-3DB4-BCE2-DFE7F17502D1} = {34699343-2DD3-3DB4-BCE2-DFE7F17502D1}
		{4A639782-41C2-3381-A357-376C20002708} = {4A639782-41C2-3381-A357-376C20002708}
		{0D9B142D-98CD-3E68-A2B1-4823E891C0B4} = {0D9B142D-98CD-3E68-A2B1-4823E891C0B4}
		{88A8CEB6-9FE3-3F3D-9B2E-76C4E8594BFD} = {88A8CEB6-9FE3-3F3D-9B2E-76C4E8594BFD}
		{194ED5E7-8FFD-3A32-BDAE-E7B068952263} = {194ED5E7-8FFD-3A32-BDAE-E7B068952263}
		{D979AA19-5CF6-37D1-B460-936A0DCAF727} = {D979AA19-5CF6-37D1-B460-936A0DCAF727}
		{4CC078E9-1476-3D09-B598-CC8352E088B9} = {4CC078E9-1476-3D09-B598-CC8352E088B9}
		{7B8AEEFD-AEF3-3ECC-A8AE-CA73134FED2D} = {7B8AEEFD-AEF3-3ECC-A8AE-CA73134FED2D}
		{C337942A-8D6C-390E-A277-6B75D8E06C09} = {C337942A-8D6C-390E-A277-6B75D8E06C09}
		{356765AE-8B0A-3A42-9F50-1AD0403BA2B0} = {356765AE-8B0A-3A42-9F50-1AD0403BA2B0}
	EndProjectSection
EndProject
Project("{8BC9CEB8-8B4A-11D0-8D11-00A0C91BC942}") = "opencv_world_AVX", "..\..\modules\world\opencv_world_AVX.vcxproj", "{194ED5E7-8FFD-3A32-BDAE-E7B068952263}"
	ProjectSection(ProjectDependencies) = postProject
		{985F4609-846D-372C-8EDB-E734AF78A44B} = {985F4609-846D-372C-8EDB-E734AF78A44B}
	EndProjectSection
EndProject
Project("{8BC9CEB8-8B4A-11D0-8D11-00A0C91BC942}") = "opencv_world_AVX2", "..\..\modules\world\opencv_world_AVX2.vcxproj", "{D979AA19-5CF6-37D1-B460-936A0DCAF727}"
	ProjectSection(ProjectDependencies) = postProject
		{985F4609-846D-372C-8EDB-E734AF78A44B} = {985F4609-846D-372C-8EDB-E734AF78A44B}
	EndProjectSection
EndProject
Project("{8BC9CEB8-8B4A-11D0-8D11-00A0C91BC942}") = "opencv_world_AVX512_SKX", "..\..\modules\world\opencv_world_AVX512_SKX.vcxproj", "{4CC078E9-1476-3D09-B598-CC8352E088B9}"
	ProjectSection(ProjectDependencies) = postProject
		{985F4609-846D-372C-8EDB-E734AF78A44B} = {985F4609-846D-372C-8EDB-E734AF78A44B}
	EndProjectSection
EndProject
Project("{8BC9CEB8-8B4A-11D0-8D11-00A0C91BC942}") = "opencv_world_SSE4_1", "..\..\modules\world\opencv_world_SSE4_1.vcxproj", "{7B8AEEFD-AEF3-3ECC-A8AE-CA73134FED2D}"
	ProjectSection(ProjectDependencies) = postProject
		{985F4609-846D-372C-8EDB-E734AF78A44B} = {985F4609-846D-372C-8EDB-E734AF78A44B}
	EndProjectSection
EndProject
Project("{8BC9CEB8-8B4A-11D0-8D11-00A0C91BC942}") = "opencv_world_SSE4_2", "..\..\modules\world\opencv_world_SSE4_2.vcxproj", "{C337942A-8D6C-390E-A277-6B75D8E06C09}"
	ProjectSection(ProjectDependencies) = postProject
		{985F4609-846D-372C-8EDB-E734AF78A44B} = {985F4609-846D-372C-8EDB-E734AF78A44B}
	EndProjectSection
EndProject
Project("{8BC9CEB8-8B4A-11D0-8D11-00A0C91BC942}") = "zlib", "..\..\3rdparty\zlib\zlib.vcxproj", "{356765AE-8B0A-3A42-9F50-1AD0403BA2B0}"
	ProjectSection(ProjectDependencies) = postProject
		{985F4609-846D-372C-8EDB-E734AF78A44B} = {985F4609-846D-372C-8EDB-E734AF78A44B}
	EndProjectSection
EndProject
Global
	GlobalSection(SolutionConfigurationPlatforms) = preSolution
		Debug|x64 = Debug|x64
		Release|x64 = Release|x64
	EndGlobalSection
	GlobalSection(ProjectConfigurationPlatforms) = postSolution
		{4969217E-C080-32D4-B122-2E041CB10583}.Debug|x64.ActiveCfg = Debug|x64
		{4969217E-C080-32D4-B122-2E041CB10583}.Debug|x64.Build.0 = Debug|x64
		{4969217E-C080-32D4-B122-2E041CB10583}.Release|x64.ActiveCfg = Release|x64
		{4969217E-C080-32D4-B122-2E041CB10583}.Release|x64.Build.0 = Release|x64
		{AA1DF96A-7459-345B-8E09-3E6BFB608951}.Debug|x64.ActiveCfg = Debug|x64
		{AA1DF96A-7459-345B-8E09-3E6BFB608951}.Release|x64.ActiveCfg = Release|x64
		{891524D4-7FEA-3E82-826B-E4B3D426894A}.Debug|x64.ActiveCfg = Debug|x64
		{891524D4-7FEA-3E82-826B-E4B3D426894A}.Debug|x64.Build.0 = Debug|x64
		{891524D4-7FEA-3E82-826B-E4B3D426894A}.Release|x64.ActiveCfg = Release|x64
		{891524D4-7FEA-3E82-826B-E4B3D426894A}.Release|x64.Build.0 = Release|x64
		{9BE74F7B-F157-3361-A39B-C0CA5272CB30}.Debug|x64.ActiveCfg = Debug|x64
		{9BE74F7B-F157-3361-A39B-C0CA5272CB30}.Release|x64.ActiveCfg = Release|x64
		{172A88D7-D630-3AD0-B18E-D170F0E1EE19}.Debug|x64.ActiveCfg = Debug|x64
		{172A88D7-D630-3AD0-B18E-D170F0E1EE19}.Release|x64.ActiveCfg = Release|x64
		{985F4609-846D-372C-8EDB-E734AF78A44B}.Debug|x64.ActiveCfg = Debug|x64
		{985F4609-846D-372C-8EDB-E734AF78A44B}.Debug|x64.Build.0 = Debug|x64
		{985F4609-846D-372C-8EDB-E734AF78A44B}.Release|x64.ActiveCfg = Release|x64
		{985F4609-846D-372C-8EDB-E734AF78A44B}.Release|x64.Build.0 = Release|x64
		{ADC0BA24-93F4-3355-ADCF-10009157FB36}.Debug|x64.ActiveCfg = Debug|x64
		{ADC0BA24-93F4-3355-ADCF-10009157FB36}.Debug|x64.Build.0 = Debug|x64
		{ADC0BA24-93F4-3355-ADCF-10009157FB36}.Release|x64.ActiveCfg = Release|x64
		{ADC0BA24-93F4-3355-ADCF-10009157FB36}.Release|x64.Build.0 = Release|x64
		{4D20A2C8-7DC1-3F95-96B5-355ED7994A53}.Debug|x64.ActiveCfg = Debug|x64
		{4D20A2C8-7DC1-3F95-96B5-355ED7994A53}.Debug|x64.Build.0 = Debug|x64
		{4D20A2C8-7DC1-3F95-96B5-355ED7994A53}.Release|x64.ActiveCfg = Release|x64
		{4D20A2C8-7DC1-3F95-96B5-355ED7994A53}.Release|x64.Build.0 = Release|x64
		{A8E7C654-58A5-3EB3-9A85-2CD657C9E12B}.Debug|x64.ActiveCfg = Debug|x64
		{A8E7C654-58A5-3EB3-9A85-2CD657C9E12B}.Debug|x64.Build.0 = Debug|x64
		{A8E7C654-58A5-3EB3-9A85-2CD657C9E12B}.Release|x64.ActiveCfg = Release|x64
		{A8E7C654-58A5-3EB3-9A85-2CD657C9E12B}.Release|x64.Build.0 = Release|x64
		{A36875B3-6884-3CD5-84FD-8278185D93F5}.Debug|x64.ActiveCfg = Debug|x64
		{A36875B3-6884-3CD5-84FD-8278185D93F5}.Debug|x64.Build.0 = Debug|x64
		{A36875B3-6884-3CD5-84FD-8278185D93F5}.Release|x64.ActiveCfg = Release|x64
		{A36875B3-6884-3CD5-84FD-8278185D93F5}.Release|x64.Build.0 = Release|x64
		{317336A4-A006-3663-869C-A3AACB81CCBA}.Debug|x64.ActiveCfg = Debug|x64
		{317336A4-A006-3663-869C-A3AACB81CCBA}.Debug|x64.Build.0 = Debug|x64
		{317336A4-A006-3663-869C-A3AACB81CCBA}.Release|x64.ActiveCfg = Release|x64
		{317336A4-A006-3663-869C-A3AACB81CCBA}.Release|x64.Build.0 = Release|x64
		{34699343-2DD3-3DB4-BCE2-DFE7F17502D1}.Debug|x64.ActiveCfg = Debug|x64
		{34699343-2DD3-3DB4-BCE2-DFE7F17502D1}.Debug|x64.Build.0 = Debug|x64
		{34699343-2DD3-3DB4-BCE2-DFE7F17502D1}.Release|x64.ActiveCfg = Release|x64
		{34699343-2DD3-3DB4-BCE2-DFE7F17502D1}.Release|x64.Build.0 = Release|x64
		{4A639782-41C2-3381-A357-376C20002708}.Debug|x64.ActiveCfg = Debug|x64
		{4A639782-41C2-3381-A357-376C20002708}.Debug|x64.Build.0 = Debug|x64
		{4A639782-41C2-3381-A357-376C20002708}.Release|x64.ActiveCfg = Release|x64
		{4A639782-41C2-3381-A357-376C20002708}.Release|x64.Build.0 = Release|x64
		{0D9B142D-98CD-3E68-A2B1-4823E891C0B4}.Debug|x64.ActiveCfg = Debug|x64
		{0D9B142D-98CD-3E68-A2B1-4823E891C0B4}.Debug|x64.Build.0 = Debug|x64
		{0D9B142D-98CD-3E68-A2B1-4823E891C0B4}.Release|x64.ActiveCfg = Release|x64
		{0D9B142D-98CD-3E68-A2B1-4823E891C0B4}.Release|x64.Build.0 = Release|x64
		{88A8CEB6-9FE3-3F3D-9B2E-76C4E8594BFD}.Debug|x64.ActiveCfg = Debug|x64
		{88A8CEB6-9FE3-3F3D-9B2E-76C4E8594BFD}.Debug|x64.Build.0 = Debug|x64
		{88A8CEB6-9FE3-3F3D-9B2E-76C4E8594BFD}.Release|x64.ActiveCfg = Release|x64
		{88A8CEB6-9FE3-3F3D-9B2E-76C4E8594BFD}.Release|x64.Build.0 = Release|x64
		{31C0DDBE-6B6A-3728-A1BD-8DA0937F2BFD}.Debug|x64.ActiveCfg = Debug|x64
		{31C0DDBE-6B6A-3728-A1BD-8DA0937F2BFD}.Debug|x64.Build.0 = Debug|x64
		{31C0DDBE-6B6A-3728-A1BD-8DA0937F2BFD}.Release|x64.ActiveCfg = Release|x64
		{31C0DDBE-6B6A-3728-A1BD-8DA0937F2BFD}.Release|x64.Build.0 = Release|x64
		{F00E6676-DE6E-3FE4-BB88-AB7D18F38351}.Debug|x64.ActiveCfg = Debug|x64
		{F00E6676-DE6E-3FE4-BB88-AB7D18F38351}.Debug|x64.Build.0 = Debug|x64
		{F00E6676-DE6E-3FE4-BB88-AB7D18F38351}.Release|x64.ActiveCfg = Release|x64
		{F00E6676-DE6E-3FE4-BB88-AB7D18F38351}.Release|x64.Build.0 = Release|x64
		{194ED5E7-8FFD-3A32-BDAE-E7B068952263}.Debug|x64.ActiveCfg = Debug|x64
		{194ED5E7-8FFD-3A32-BDAE-E7B068952263}.Debug|x64.Build.0 = Debug|x64
		{194ED5E7-8FFD-3A32-BDAE-E7B068952263}.Release|x64.ActiveCfg = Release|x64
		{194ED5E7-8FFD-3A32-BDAE-E7B068952263}.Release|x64.Build.0 = Release|x64
		{D979AA19-5CF6-37D1-B460-936A0DCAF727}.Debug|x64.ActiveCfg = Debug|x64
		{D979AA19-5CF6-37D1-B460-936A0DCAF727}.Debug|x64.Build.0 = Debug|x64
		{D979AA19-5CF6-37D1-B460-936A0DCAF727}.Release|x64.ActiveCfg = Release|x64
		{D979AA19-5CF6-37D1-B460-936A0DCAF727}.Release|x64.Build.0 = Release|x64
		{4CC078E9-1476-3D09-B598-CC8352E088B9}.Debug|x64.ActiveCfg = Debug|x64
		{4CC078E9-1476-3D09-B598-CC8352E088B9}.Debug|x64.Build.0 = Debug|x64
		{4CC078E9-1476-3D09-B598-CC8352E088B9}.Release|x64.ActiveCfg = Release|x64
		{4CC078E9-1476-3D09-B598-CC8352E088B9}.Release|x64.Build.0 = Release|x64
		{7B8AEEFD-AEF3-3ECC-A8AE-CA73134FED2D}.Debug|x64.ActiveCfg = Debug|x64
		{7B8AEEFD-AEF3-3ECC-A8AE-CA73134FED2D}.Debug|x64.Build.0 = Debug|x64
		{7B8AEEFD-AEF3-3ECC-A8AE-CA73134FED2D}.Release|x64.ActiveCfg = Release|x64
		{7B8AEEFD-AEF3-3ECC-A8AE-CA73134FED2D}.Release|x64.Build.0 = Release|x64
		{C337942A-8D6C-390E-A277-6B75D8E06C09}.Debug|x64.ActiveCfg = Debug|x64
		{C337942A-8D6C-390E-A277-6B75D8E06C09}.Debug|x64.Build.0 = Debug|x64
		{C337942A-8D6C-390E-A277-6B75D8E06C09}.Release|x64.ActiveCfg = Release|x64
		{C337942A-8D6C-390E-A277-6B75D8E06C09}.Release|x64.Build.0 = Release|x64
		{356765AE-8B0A-3A42-9F50-1AD0403BA2B0}.Debug|x64.ActiveCfg = Debug|x64
		{356765AE-8B0A-3A42-9F50-1AD0403BA2B0}.Debug|x64.Build.0 = Debug|x64
		{356765AE-8B0A-3A42-9F50-1AD0403BA2B0}.Release|x64.ActiveCfg = Release|x64
		{356765AE-8B0A-3A42-9F50-1AD0403BA2B0}.Release|x64.Build.0 = Release|x64
	EndGlobalSection
	GlobalSection(NestedProjects) = preSolution
		{AA3B4257-DFDB-36F4-8867-3ECD533B403D} = {ECA43F88-5BB4-341D-85FC-202AA642D156}
		{891524D4-7FEA-3E82-826B-E4B3D426894A} = {ECA43F88-5BB4-341D-85FC-202AA642D156}
		{ADC0BA24-93F4-3355-ADCF-10009157FB36} = {ECA43F88-5BB4-341D-85FC-202AA642D156}
		{317336A4-A006-3663-869C-A3AACB81CCBA} = {ECA43F88-5BB4-341D-85FC-202AA642D156}
		{34699343-2DD3-3DB4-BCE2-DFE7F17502D1} = {ECA43F88-5BB4-341D-85FC-202AA642D156}
		{4A639782-41C2-3381-A357-376C20002708} = {ECA43F88-5BB4-341D-85FC-202AA642D156}
		{0D9B142D-98CD-3E68-A2B1-4823E891C0B4} = {ECA43F88-5BB4-341D-85FC-202AA642D156}
		{88A8CEB6-9FE3-3F3D-9B2E-76C4E8594BFD} = {ECA43F88-5BB4-341D-85FC-202AA642D156}
		{356765AE-8B0A-3A42-9F50-1AD0403BA2B0} = {ECA43F88-5BB4-341D-85FC-202AA642D156}
		{4D20A2C8-7DC1-3F95-96B5-355ED7994A53} = {AA3B4257-DFDB-36F4-8867-3ECD533B403D}
		{A8E7C654-58A5-3EB3-9A85-2CD657C9E12B} = {AA3B4257-DFDB-36F4-8867-3ECD533B403D}
		{A36875B3-6884-3CD5-84FD-8278185D93F5} = {AA3B4257-DFDB-36F4-8867-3ECD533B403D}
		{4969217E-C080-32D4-B122-2E041CB10583} = {0B474C30-A659-3C44-ADFE-E648BA224062}
		{AA1DF96A-7459-345B-8E09-3E6BFB608951} = {0B474C30-A659-3C44-ADFE-E648BA224062}
		{9BE74F7B-F157-3361-A39B-C0CA5272CB30} = {0B474C30-A659-3C44-ADFE-E648BA224062}
		{172A88D7-D630-3AD0-B18E-D170F0E1EE19} = {0B474C30-A659-3C44-ADFE-E648BA224062}
		{985F4609-846D-372C-8EDB-E734AF78A44B} = {0B474C30-A659-3C44-ADFE-E648BA224062}
		{31C0DDBE-6B6A-3728-A1BD-8DA0937F2BFD} = {3E17FE9D-E0AC-301E-A0D9-6EE5FD769923}
		{194ED5E7-8FFD-3A32-BDAE-E7B068952263} = {34236360-59F5-3318-B992-35C55D5B2CE5}
		{D979AA19-5CF6-37D1-B460-936A0DCAF727} = {34236360-59F5-3318-B992-35C55D5B2CE5}
		{4CC078E9-1476-3D09-B598-CC8352E088B9} = {34236360-59F5-3318-B992-35C55D5B2CE5}
		{7B8AEEFD-AEF3-3ECC-A8AE-CA73134FED2D} = {34236360-59F5-3318-B992-35C55D5B2CE5}
		{C337942A-8D6C-390E-A277-6B75D8E06C09} = {34236360-59F5-3318-B992-35C55D5B2CE5}
		{F00E6676-DE6E-3FE4-BB88-AB7D18F38351} = {2FBD4140-AEEB-3BE8-AB3A-B1FF0B15D0C0}
	EndGlobalSection
	GlobalSection(ExtensibilityGlobals) = postSolution
		SolutionGuid = {82F1B7D6-543B-3B79-8FD9-62FD36F5D2DE}
	EndGlobalSection
	GlobalSection(ExtensibilityAddIns) = postSolution
	EndGlobalSection
EndGlobal
