
Microsoft Visual Studio Solution File, Format Version 12.00
# Visual Studio Version 17
Project("{2150E333-8FDC-42A3-9474-1A3956D46DE8}") = "CMakeTargets", "CMakeTargets", "{0B474C30-A659-3C44-ADFE-E648BA224062}"
EndProject
Project("{8BC9CEB8-8B4A-11D0-8D11-00A0C91BC942}") = "ALL_BUILD", "ALL_BUILD.vcxproj", "{4969217E-C080-32D4-B122-2E041CB10583}"
	ProjectSection(ProjectDependencies) = postProject
		{985F4609-846D-372C-8EDB-E734AF78A44B} = {985F4609-846D-372C-8EDB-E734AF78A44B}
	EndProjectSection
EndProject
Project("{8BC9CEB8-8B4A-11D0-8D11-00A0C91BC942}") = "INSTALL", "INSTALL.vcxproj", "{AA1DF96A-7459-345B-8E09-3E6BFB608951}"
	ProjectSection(ProjectDependencies) = postProject
		{4969217E-C080-32D4-B122-2E041CB10583} = {4969217E-C080-32D4-B122-2E041CB10583}
		{985F4609-846D-372C-8EDB-E734AF78A44B} = {985F4609-846D-372C-8EDB-E734AF78A44B}
	EndProjectSection
EndProject
Project("{8BC9CEB8-8B4A-11D0-8D11-00A0C91BC942}") = "PACKAGE", "PACKAGE.vcxproj", "{9BE74F7B-F157-3361-A39B-C0CA5272CB30}"
	ProjectSection(ProjectDependencies) = postProject
		{4969217E-C080-32D4-B122-2E041CB10583} = {4969217E-C080-32D4-B122-2E041CB10583}
		{985F4609-846D-372C-8EDB-E734AF78A44B} = {985F4609-846D-372C-8EDB-E734AF78A44B}
	EndProjectSection
EndProject
Project("{8BC9CEB8-8B4A-11D0-8D11-00A0C91BC942}") = "RUN_TESTS", "RUN_TESTS.vcxproj", "{172A88D7-D630-3AD0-B18E-D170F0E1EE19}"
	ProjectSection(ProjectDependencies) = postProject
		{985F4609-846D-372C-8EDB-E734AF78A44B} = {985F4609-846D-372C-8EDB-E734AF78A44B}
	EndProjectSection
EndProject
Project("{8BC9CEB8-8B4A-11D0-8D11-00A0C91BC942}") = "ZERO_CHECK", "..\..\\ZERO_CHECK.vcxproj", "{985F4609-846D-372C-8EDB-E734AF78A44B}"
	ProjectSection(ProjectDependencies) = postProject
	EndProjectSection
EndProject
Project("{8BC9CEB8-8B4A-11D0-8D11-00A0C91BC942}") = "gen_opencv_objc_source", "gen_opencv_objc_source.vcxproj", "{397236F4-B89C-311C-BF56-F75F7A3A662A}"
	ProjectSection(ProjectDependencies) = postProject
		{985F4609-846D-372C-8EDB-E734AF78A44B} = {985F4609-846D-372C-8EDB-E734AF78A44B}
		{822860DC-D866-354F-BD80-DEA757D8FFA0} = {822860DC-D866-354F-BD80-DEA757D8FFA0}
		{3CCD2E40-CFEE-3572-B957-62995BF1338A} = {3CCD2E40-CFEE-3572-B957-62995BF1338A}
		{F334B038-2E7B-3718-8DEF-5C86949852DC} = {F334B038-2E7B-3718-8DEF-5C86949852DC}
	EndProjectSection
EndProject
Project("{8BC9CEB8-8B4A-11D0-8D11-00A0C91BC942}") = "gen_opencv_objc_source_ios", "gen_opencv_objc_source_ios.vcxproj", "{822860DC-D866-354F-BD80-DEA757D8FFA0}"
	ProjectSection(ProjectDependencies) = postProject
		{985F4609-846D-372C-8EDB-E734AF78A44B} = {985F4609-846D-372C-8EDB-E734AF78A44B}
	EndProjectSection
EndProject
Project("{8BC9CEB8-8B4A-11D0-8D11-00A0C91BC942}") = "gen_opencv_objc_source_osx", "gen_opencv_objc_source_osx.vcxproj", "{3CCD2E40-CFEE-3572-B957-62995BF1338A}"
	ProjectSection(ProjectDependencies) = postProject
		{985F4609-846D-372C-8EDB-E734AF78A44B} = {985F4609-846D-372C-8EDB-E734AF78A44B}
	EndProjectSection
EndProject
Project("{8BC9CEB8-8B4A-11D0-8D11-00A0C91BC942}") = "gen_opencv_objc_source_visionos", "gen_opencv_objc_source_visionos.vcxproj", "{F334B038-2E7B-3718-8DEF-5C86949852DC}"
	ProjectSection(ProjectDependencies) = postProject
		{985F4609-846D-372C-8EDB-E734AF78A44B} = {985F4609-846D-372C-8EDB-E734AF78A44B}
	EndProjectSection
EndProject
Global
	GlobalSection(SolutionConfigurationPlatforms) = preSolution
		Debug|x64 = Debug|x64
		Release|x64 = Release|x64
	EndGlobalSection
	GlobalSection(ProjectConfigurationPlatforms) = postSolution
		{4969217E-C080-32D4-B122-2E041CB10583}.Debug|x64.ActiveCfg = Debug|x64
		{4969217E-C080-32D4-B122-2E041CB10583}.Debug|x64.Build.0 = Debug|x64
		{4969217E-C080-32D4-B122-2E041CB10583}.Release|x64.ActiveCfg = Release|x64
		{4969217E-C080-32D4-B122-2E041CB10583}.Release|x64.Build.0 = Release|x64
		{AA1DF96A-7459-345B-8E09-3E6BFB608951}.Debug|x64.ActiveCfg = Debug|x64
		{AA1DF96A-7459-345B-8E09-3E6BFB608951}.Release|x64.ActiveCfg = Release|x64
		{9BE74F7B-F157-3361-A39B-C0CA5272CB30}.Debug|x64.ActiveCfg = Debug|x64
		{9BE74F7B-F157-3361-A39B-C0CA5272CB30}.Release|x64.ActiveCfg = Release|x64
		{172A88D7-D630-3AD0-B18E-D170F0E1EE19}.Debug|x64.ActiveCfg = Debug|x64
		{172A88D7-D630-3AD0-B18E-D170F0E1EE19}.Release|x64.ActiveCfg = Release|x64
		{985F4609-846D-372C-8EDB-E734AF78A44B}.Debug|x64.ActiveCfg = Debug|x64
		{985F4609-846D-372C-8EDB-E734AF78A44B}.Debug|x64.Build.0 = Debug|x64
		{985F4609-846D-372C-8EDB-E734AF78A44B}.Release|x64.ActiveCfg = Release|x64
		{985F4609-846D-372C-8EDB-E734AF78A44B}.Release|x64.Build.0 = Release|x64
		{397236F4-B89C-311C-BF56-F75F7A3A662A}.Debug|x64.ActiveCfg = Debug|x64
		{397236F4-B89C-311C-BF56-F75F7A3A662A}.Release|x64.ActiveCfg = Release|x64
		{822860DC-D866-354F-BD80-DEA757D8FFA0}.Debug|x64.ActiveCfg = Debug|x64
		{822860DC-D866-354F-BD80-DEA757D8FFA0}.Debug|x64.Build.0 = Debug|x64
		{822860DC-D866-354F-BD80-DEA757D8FFA0}.Release|x64.ActiveCfg = Release|x64
		{822860DC-D866-354F-BD80-DEA757D8FFA0}.Release|x64.Build.0 = Release|x64
		{3CCD2E40-CFEE-3572-B957-62995BF1338A}.Debug|x64.ActiveCfg = Debug|x64
		{3CCD2E40-CFEE-3572-B957-62995BF1338A}.Debug|x64.Build.0 = Debug|x64
		{3CCD2E40-CFEE-3572-B957-62995BF1338A}.Release|x64.ActiveCfg = Release|x64
		{3CCD2E40-CFEE-3572-B957-62995BF1338A}.Release|x64.Build.0 = Release|x64
		{F334B038-2E7B-3718-8DEF-5C86949852DC}.Debug|x64.ActiveCfg = Debug|x64
		{F334B038-2E7B-3718-8DEF-5C86949852DC}.Debug|x64.Build.0 = Debug|x64
		{F334B038-2E7B-3718-8DEF-5C86949852DC}.Release|x64.ActiveCfg = Release|x64
		{F334B038-2E7B-3718-8DEF-5C86949852DC}.Release|x64.Build.0 = Release|x64
	EndGlobalSection
	GlobalSection(NestedProjects) = preSolution
		{4969217E-C080-32D4-B122-2E041CB10583} = {0B474C30-A659-3C44-ADFE-E648BA224062}
		{AA1DF96A-7459-345B-8E09-3E6BFB608951} = {0B474C30-A659-3C44-ADFE-E648BA224062}
		{9BE74F7B-F157-3361-A39B-C0CA5272CB30} = {0B474C30-A659-3C44-ADFE-E648BA224062}
		{172A88D7-D630-3AD0-B18E-D170F0E1EE19} = {0B474C30-A659-3C44-ADFE-E648BA224062}
		{985F4609-846D-372C-8EDB-E734AF78A44B} = {0B474C30-A659-3C44-ADFE-E648BA224062}
	EndGlobalSection
	GlobalSection(ExtensibilityGlobals) = postSolution
		SolutionGuid = {1F3A02E1-7957-3384-BB21-5D903594B21F}
	EndGlobalSection
	GlobalSection(ExtensibilityAddIns) = postSolution
	EndGlobalSection
EndGlobal
